// !$*UTF8*$!
{
	archiveVersion = 1;
	classes = {
	};
	objectVersion = 56;
	objects = {

/* Begin PBXBuildFile section */
		662269302C52DD0100E51B69 /* TimeEntryExportFormat.swift in Sources */ = {isa = PBXBuildFile; fileRef = 6622692F2C52DD0100E51B69 /* TimeEntryExportFormat.swift */; };
		662294AC2C43F840005707D1 /* TimeEntryRow.swift in Sources */ = {isa = PBXBuildFile; fileRef = 662294AB2C43F840005707D1 /* TimeEntryRow.swift */; };
		662294B02C440196005707D1 /* TimeEntryExtension.swift in Sources */ = {isa = PBXBuildFile; fileRef = 662294AF2C440196005707D1 /* TimeEntryExtension.swift */; };
		662294B22C4466B1005707D1 /* TimeEntry.swift in Sources */ = {isa = PBXBuildFile; fileRef = 662294B12C4466B1005707D1 /* TimeEntry.swift */; };
		662294B42C4677B8005707D1 /* PayPeriodListViewModel.swift in Sources */ = {isa = PBXBuildFile; fileRef = 662294B32C4677B8005707D1 /* PayPeriodListViewModel.swift */; };
		662294B92C46874F005707D1 /* PayPeriodList.swift in Sources */ = {isa = PBXBuildFile; fileRef = 662294B82C46874F005707D1 /* PayPeriodList.swift */; };
		662294BD2C47E904005707D1 /* PayPeriodDetails.swift in Sources */ = {isa = PBXBuildFile; fileRef = 662294BC2C47E904005707D1 /* PayPeriodDetails.swift */; };
		662294BF2C4A8554005707D1 /* DailyTimeEntryListSectionHeader.swift in Sources */ = {isa = PBXBuildFile; fileRef = 662294BE2C4A8554005707D1 /* DailyTimeEntryListSectionHeader.swift */; };
		6629125229607279007A5343 /* CurrentTimeEntryView.swift in Sources */ = {isa = PBXBuildFile; fileRef = 6629125129607279007A5343 /* CurrentTimeEntryView.swift */; };
		6629125429607B2C007A5343 /* CurrentTimeEntryViewModelTests.swift in Sources */ = {isa = PBXBuildFile; fileRef = 6629125329607B2C007A5343 /* CurrentTimeEntryViewModelTests.swift */; };
		6629125629607CB4007A5343 /* CurrentTimeEntryViewModel.swift in Sources */ = {isa = PBXBuildFile; fileRef = 6629125529607CB4007A5343 /* CurrentTimeEntryViewModel.swift */; };
		662912592961A798007A5343 /* ClockOutError.swift in Sources */ = {isa = PBXBuildFile; fileRef = 662912582961A798007A5343 /* ClockOutError.swift */; };
		662D07452974210B002083F6 /* ContentView.swift in Sources */ = {isa = PBXBuildFile; fileRef = 662D07442974210B002083F6 /* ContentView.swift */; };
		662D0747297421D7002083F6 /* ContentViewModel.swift in Sources */ = {isa = PBXBuildFile; fileRef = 662D0746297421D7002083F6 /* ContentViewModel.swift */; };
		66411CD62C4AA25A0050FDFB /* PayPeriodSection.swift in Sources */ = {isa = PBXBuildFile; fileRef = 66411CD52C4AA25A0050FDFB /* PayPeriodSection.swift */; };
		66411CD82C4AA27E0050FDFB /* TimeEntryList.swift in Sources */ = {isa = PBXBuildFile; fileRef = 66411CD72C4AA27E0050FDFB /* TimeEntryList.swift */; };
		66411CDA2C4B003A0050FDFB /* TimeEntryDetails.swift in Sources */ = {isa = PBXBuildFile; fileRef = 66411CD92C4B003A0050FDFB /* TimeEntryDetails.swift */; };
		66411CDE2C4D24CD0050FDFB /* BreakEntry.swift in Sources */ = {isa = PBXBuildFile; fileRef = 66411CDD2C4D24CD0050FDFB /* BreakEntry.swift */; };
		66411CE02C4D28B40050FDFB /* BreakState.swift in Sources */ = {isa = PBXBuildFile; fileRef = 66411CDF2C4D28B40050FDFB /* BreakState.swift */; };
		66411CE22C4D3ED10050FDFB /* BreakItem.swift in Sources */ = {isa = PBXBuildFile; fileRef = 66411CE12C4D3ED10050FDFB /* BreakItem.swift */; };
		66411CE42C4D3FAD0050FDFB /* BreakEntryExtension.swift in Sources */ = {isa = PBXBuildFile; fileRef = 66411CE32C4D3FAD0050FDFB /* BreakEntryExtension.swift */; };
		66411CE62C4E6E7D0050FDFB /* Formatting.swift in Sources */ = {isa = PBXBuildFile; fileRef = 66411CE52C4E6E7D0050FDFB /* Formatting.swift */; };
		66411CE82C4E907B0050FDFB /* UserDefaultsExtension.swift in Sources */ = {isa = PBXBuildFile; fileRef = 66411CE72C4E907B0050FDFB /* UserDefaultsExtension.swift */; };
		66411CEE2C4EDE4D0050FDFB /* IntervalDatePicker.swift in Sources */ = {isa = PBXBuildFile; fileRef = 66411CED2C4EDE4D0050FDFB /* IntervalDatePicker.swift */; };
		66411CF02C4F56B50050FDFB /* PayPeriodSchedule.swift in Sources */ = {isa = PBXBuildFile; fileRef = 66411CEF2C4F56B50050FDFB /* PayPeriodSchedule.swift */; };
		66411CF22C4FBE6A0050FDFB /* DateExtension.swift in Sources */ = {isa = PBXBuildFile; fileRef = 66411CF12C4FBE6A0050FDFB /* DateExtension.swift */; };
		66411CF42C4FC0790050FDFB /* PayPeriodGrouping.swift in Sources */ = {isa = PBXBuildFile; fileRef = 66411CF32C4FC0790050FDFB /* PayPeriodGrouping.swift */; };
		66411CF62C4FC4A00050FDFB /* PayPeriodGroupingTests.swift in Sources */ = {isa = PBXBuildFile; fileRef = 66411CF52C4FC4A00050FDFB /* PayPeriodGroupingTests.swift */; };
		66411CFB2C5134490050FDFB /* Localizable.xcstrings in Resources */ = {isa = PBXBuildFile; fileRef = 66411CFA2C5134490050FDFB /* Localizable.xcstrings */; };
		665E7E572C5A76C600E8C43F /* CalendarExtension.swift in Sources */ = {isa = PBXBuildFile; fileRef = 665E7E562C5A76C600E8C43F /* CalendarExtension.swift */; };
		665E7E5A2C5EBB8400E8C43F /* SharedData.swift in Sources */ = {isa = PBXBuildFile; fileRef = 665E7E592C5EBB8400E8C43F /* SharedData.swift */; };
		6693596B29606A3900DEDD35 /* TimeKeenApp.swift in Sources */ = {isa = PBXBuildFile; fileRef = 6693596A29606A3900DEDD35 /* TimeKeenApp.swift */; };
		6693596F29606A3A00DEDD35 /* Assets.xcassets in Resources */ = {isa = PBXBuildFile; fileRef = 6693596E29606A3A00DEDD35 /* Assets.xcassets */; };
		6693597229606A3A00DEDD35 /* Preview Assets.xcassets in Resources */ = {isa = PBXBuildFile; fileRef = 6693597129606A3A00DEDD35 /* Preview Assets.xcassets */; };
		6693598229606A3A00DEDD35 /* TimeKeenTests.swift in Sources */ = {isa = PBXBuildFile; fileRef = 6693598129606A3A00DEDD35 /* TimeKeenTests.swift */; };
		6693598C29606A3A00DEDD35 /* TimeKeenUITests.swift in Sources */ = {isa = PBXBuildFile; fileRef = 6693598B29606A3A00DEDD35 /* TimeKeenUITests.swift */; };
		6693598E29606A3A00DEDD35 /* TimeKeenUITestsLaunchTests.swift in Sources */ = {isa = PBXBuildFile; fileRef = 6693598D29606A3A00DEDD35 /* TimeKeenUITestsLaunchTests.swift */; };
		669393E42986B2BD00CC661C /* ClockInState.swift in Sources */ = {isa = PBXBuildFile; fileRef = 669393E32986B2BD00CC661C /* ClockInState.swift */; };
		66ADA4092C52719F002E6185 /* TimeEntrySharingViewModel.swift in Sources */ = {isa = PBXBuildFile; fileRef = 66ADA4082C52719F002E6185 /* TimeEntrySharingViewModel.swift */; };
		66ADA40B2C5271F6002E6185 /* TimeEntrySharingView.swift in Sources */ = {isa = PBXBuildFile; fileRef = 66ADA40A2C5271F6002E6185 /* TimeEntrySharingView.swift */; };
		66B1D8122C60D0460015BD48 /* PrivacyInfo.xcprivacy in Resources */ = {isa = PBXBuildFile; fileRef = 66B1D8112C60D0460015BD48 /* PrivacyInfo.xcprivacy */; };
		66B1D8152C6AA0210015BD48 /* TipPickerSheet.swift in Sources */ = {isa = PBXBuildFile; fileRef = 66B1D8142C6AA0210015BD48 /* TipPickerSheet.swift */; };
		66B1D8172C7058760015BD48 /* ArrayExtension.swift in Sources */ = {isa = PBXBuildFile; fileRef = 66B1D8162C7058760015BD48 /* ArrayExtension.swift */; };
		66B1D81C2C70B3DB0015BD48 /* PayPeriod.swift in Sources */ = {isa = PBXBuildFile; fileRef = 66B1D81B2C70B3DB0015BD48 /* PayPeriod.swift */; };
/* End PBXBuildFile section */

/* Begin PBXContainerItemProxy section */
		6693597E29606A3A00DEDD35 /* PBXContainerItemProxy */ = {
			isa = PBXContainerItemProxy;
			containerPortal = 6693595F29606A3900DEDD35 /* Project object */;
			proxyType = 1;
			remoteGlobalIDString = 6693596629606A3900DEDD35;
			remoteInfo = TimeKeen;
		};
		6693598829606A3A00DEDD35 /* PBXContainerItemProxy */ = {
			isa = PBXContainerItemProxy;
			containerPortal = 6693595F29606A3900DEDD35 /* Project object */;
			proxyType = 1;
			remoteGlobalIDString = 6693596629606A3900DEDD35;
			remoteInfo = TimeKeen;
		};
/* End PBXContainerItemProxy section */

/* Begin PBXFileReference section */
		6622692F2C52DD0100E51B69 /* TimeEntryExportFormat.swift */ = {isa = PBXFileReference; lastKnownFileType = sourcecode.swift; path = TimeEntryExportFormat.swift; sourceTree = "<group>"; };
		662294AA2C43DC98005707D1 /* TimeKeen.xctestplan */ = {isa = PBXFileReference; lastKnownFileType = text; path = TimeKeen.xctestplan; sourceTree = "<group>"; };
		662294AB2C43F840005707D1 /* TimeEntryRow.swift */ = {isa = PBXFileReference; lastKnownFileType = sourcecode.swift; path = TimeEntryRow.swift; sourceTree = "<group>"; };
		662294AF2C440196005707D1 /* TimeEntryExtension.swift */ = {isa = PBXFileReference; lastKnownFileType = sourcecode.swift; path = TimeEntryExtension.swift; sourceTree = "<group>"; };
		662294B12C4466B1005707D1 /* TimeEntry.swift */ = {isa = PBXFileReference; lastKnownFileType = sourcecode.swift; path = TimeEntry.swift; sourceTree = "<group>"; };
		662294B32C4677B8005707D1 /* PayPeriodListViewModel.swift */ = {isa = PBXFileReference; lastKnownFileType = sourcecode.swift; path = PayPeriodListViewModel.swift; sourceTree = "<group>"; };
		662294B82C46874F005707D1 /* PayPeriodList.swift */ = {isa = PBXFileReference; lastKnownFileType = sourcecode.swift; path = PayPeriodList.swift; sourceTree = "<group>"; };
		662294BC2C47E904005707D1 /* PayPeriodDetails.swift */ = {isa = PBXFileReference; lastKnownFileType = sourcecode.swift; path = PayPeriodDetails.swift; sourceTree = "<group>"; };
		662294BE2C4A8554005707D1 /* DailyTimeEntryListSectionHeader.swift */ = {isa = PBXFileReference; lastKnownFileType = sourcecode.swift; path = DailyTimeEntryListSectionHeader.swift; sourceTree = "<group>"; };
		6629125129607279007A5343 /* CurrentTimeEntryView.swift */ = {isa = PBXFileReference; lastKnownFileType = sourcecode.swift; path = CurrentTimeEntryView.swift; sourceTree = "<group>"; };
		6629125329607B2C007A5343 /* CurrentTimeEntryViewModelTests.swift */ = {isa = PBXFileReference; lastKnownFileType = sourcecode.swift; path = CurrentTimeEntryViewModelTests.swift; sourceTree = "<group>"; };
		6629125529607CB4007A5343 /* CurrentTimeEntryViewModel.swift */ = {isa = PBXFileReference; lastKnownFileType = sourcecode.swift; path = CurrentTimeEntryViewModel.swift; sourceTree = "<group>"; };
		662912582961A798007A5343 /* ClockOutError.swift */ = {isa = PBXFileReference; lastKnownFileType = sourcecode.swift; path = ClockOutError.swift; sourceTree = "<group>"; };
		662D07442974210B002083F6 /* ContentView.swift */ = {isa = PBXFileReference; lastKnownFileType = sourcecode.swift; path = ContentView.swift; sourceTree = "<group>"; };
		662D0746297421D7002083F6 /* ContentViewModel.swift */ = {isa = PBXFileReference; lastKnownFileType = sourcecode.swift; path = ContentViewModel.swift; sourceTree = "<group>"; };
		66411CD52C4AA25A0050FDFB /* PayPeriodSection.swift */ = {isa = PBXFileReference; lastKnownFileType = sourcecode.swift; path = PayPeriodSection.swift; sourceTree = "<group>"; };
		66411CD72C4AA27E0050FDFB /* TimeEntryList.swift */ = {isa = PBXFileReference; lastKnownFileType = sourcecode.swift; path = TimeEntryList.swift; sourceTree = "<group>"; };
		66411CD92C4B003A0050FDFB /* TimeEntryDetails.swift */ = {isa = PBXFileReference; lastKnownFileType = sourcecode.swift; path = TimeEntryDetails.swift; sourceTree = "<group>"; };
		66411CDD2C4D24CD0050FDFB /* BreakEntry.swift */ = {isa = PBXFileReference; lastKnownFileType = sourcecode.swift; path = BreakEntry.swift; sourceTree = "<group>"; };
		66411CDF2C4D28B40050FDFB /* BreakState.swift */ = {isa = PBXFileReference; lastKnownFileType = sourcecode.swift; path = BreakState.swift; sourceTree = "<group>"; };
		66411CE12C4D3ED10050FDFB /* BreakItem.swift */ = {isa = PBXFileReference; lastKnownFileType = sourcecode.swift; path = BreakItem.swift; sourceTree = "<group>"; };
		66411CE32C4D3FAD0050FDFB /* BreakEntryExtension.swift */ = {isa = PBXFileReference; lastKnownFileType = sourcecode.swift; path = BreakEntryExtension.swift; sourceTree = "<group>"; };
		66411CE52C4E6E7D0050FDFB /* Formatting.swift */ = {isa = PBXFileReference; lastKnownFileType = sourcecode.swift; path = Formatting.swift; sourceTree = "<group>"; };
		66411CE72C4E907B0050FDFB /* UserDefaultsExtension.swift */ = {isa = PBXFileReference; lastKnownFileType = sourcecode.swift; path = UserDefaultsExtension.swift; sourceTree = "<group>"; };
		66411CED2C4EDE4D0050FDFB /* IntervalDatePicker.swift */ = {isa = PBXFileReference; lastKnownFileType = sourcecode.swift; path = IntervalDatePicker.swift; sourceTree = "<group>"; };
		66411CEF2C4F56B50050FDFB /* PayPeriodSchedule.swift */ = {isa = PBXFileReference; lastKnownFileType = sourcecode.swift; path = PayPeriodSchedule.swift; sourceTree = "<group>"; };
		66411CF12C4FBE6A0050FDFB /* DateExtension.swift */ = {isa = PBXFileReference; lastKnownFileType = sourcecode.swift; path = DateExtension.swift; sourceTree = "<group>"; };
		66411CF32C4FC0790050FDFB /* PayPeriodGrouping.swift */ = {isa = PBXFileReference; lastKnownFileType = sourcecode.swift; path = PayPeriodGrouping.swift; sourceTree = "<group>"; };
		66411CF52C4FC4A00050FDFB /* PayPeriodGroupingTests.swift */ = {isa = PBXFileReference; lastKnownFileType = sourcecode.swift; path = PayPeriodGroupingTests.swift; sourceTree = "<group>"; };
		66411CFA2C5134490050FDFB /* Localizable.xcstrings */ = {isa = PBXFileReference; lastKnownFileType = text.json.xcstrings; path = Localizable.xcstrings; sourceTree = "<group>"; };
		665E7E562C5A76C600E8C43F /* CalendarExtension.swift */ = {isa = PBXFileReference; lastKnownFileType = sourcecode.swift; path = CalendarExtension.swift; sourceTree = "<group>"; };
		665E7E582C5EB95000E8C43F /* TimeKeen.entitlements */ = {isa = PBXFileReference; lastKnownFileType = text.plist.entitlements; path = TimeKeen.entitlements; sourceTree = "<group>"; };
		665E7E592C5EBB8400E8C43F /* SharedData.swift */ = {isa = PBXFileReference; lastKnownFileType = sourcecode.swift; path = SharedData.swift; sourceTree = "<group>"; };
		6693596729606A3900DEDD35 /* TimeKeen.app */ = {isa = PBXFileReference; explicitFileType = wrapper.application; includeInIndex = 0; path = TimeKeen.app; sourceTree = BUILT_PRODUCTS_DIR; };
		6693596A29606A3900DEDD35 /* TimeKeenApp.swift */ = {isa = PBXFileReference; lastKnownFileType = sourcecode.swift; path = TimeKeenApp.swift; sourceTree = "<group>"; };
		6693596E29606A3A00DEDD35 /* Assets.xcassets */ = {isa = PBXFileReference; lastKnownFileType = folder.assetcatalog; path = Assets.xcassets; sourceTree = "<group>"; };
		6693597129606A3A00DEDD35 /* Preview Assets.xcassets */ = {isa = PBXFileReference; lastKnownFileType = folder.assetcatalog; path = "Preview Assets.xcassets"; sourceTree = "<group>"; };
		6693597829606A3A00DEDD35 /* Info.plist */ = {isa = PBXFileReference; lastKnownFileType = text.plist.xml; path = Info.plist; sourceTree = "<group>"; };
		6693597D29606A3A00DEDD35 /* TimeKeenTests.xctest */ = {isa = PBXFileReference; explicitFileType = wrapper.cfbundle; includeInIndex = 0; path = TimeKeenTests.xctest; sourceTree = BUILT_PRODUCTS_DIR; };
		6693598129606A3A00DEDD35 /* TimeKeenTests.swift */ = {isa = PBXFileReference; lastKnownFileType = sourcecode.swift; path = TimeKeenTests.swift; sourceTree = "<group>"; };
		6693598729606A3A00DEDD35 /* TimeKeenUITests.xctest */ = {isa = PBXFileReference; explicitFileType = wrapper.cfbundle; includeInIndex = 0; path = TimeKeenUITests.xctest; sourceTree = BUILT_PRODUCTS_DIR; };
		6693598B29606A3A00DEDD35 /* TimeKeenUITests.swift */ = {isa = PBXFileReference; lastKnownFileType = sourcecode.swift; path = TimeKeenUITests.swift; sourceTree = "<group>"; };
		6693598D29606A3A00DEDD35 /* TimeKeenUITestsLaunchTests.swift */ = {isa = PBXFileReference; lastKnownFileType = sourcecode.swift; path = TimeKeenUITestsLaunchTests.swift; sourceTree = "<group>"; };
		669393E32986B2BD00CC661C /* ClockInState.swift */ = {isa = PBXFileReference; lastKnownFileType = sourcecode.swift; path = ClockInState.swift; sourceTree = "<group>"; };
		66ADA4082C52719F002E6185 /* TimeEntrySharingViewModel.swift */ = {isa = PBXFileReference; lastKnownFileType = sourcecode.swift; path = TimeEntrySharingViewModel.swift; sourceTree = "<group>"; };
		66ADA40A2C5271F6002E6185 /* TimeEntrySharingView.swift */ = {isa = PBXFileReference; lastKnownFileType = sourcecode.swift; path = TimeEntrySharingView.swift; sourceTree = "<group>"; };
		66B1D8112C60D0460015BD48 /* PrivacyInfo.xcprivacy */ = {isa = PBXFileReference; lastKnownFileType = text.xml; path = PrivacyInfo.xcprivacy; sourceTree = "<group>"; };
		66B1D8132C6783F90015BD48 /* Store.storekit */ = {isa = PBXFileReference; lastKnownFileType = text; path = Store.storekit; sourceTree = "<group>"; };
		66B1D8142C6AA0210015BD48 /* TipPickerSheet.swift */ = {isa = PBXFileReference; lastKnownFileType = sourcecode.swift; path = TipPickerSheet.swift; sourceTree = "<group>"; };
		66B1D8162C7058760015BD48 /* ArrayExtension.swift */ = {isa = PBXFileReference; lastKnownFileType = sourcecode.swift; path = ArrayExtension.swift; sourceTree = "<group>"; };
		66B1D81B2C70B3DB0015BD48 /* PayPeriod.swift */ = {isa = PBXFileReference; lastKnownFileType = sourcecode.swift; path = PayPeriod.swift; sourceTree = "<group>"; };
/* End PBXFileReference section */

/* Begin PBXFrameworksBuildPhase section */
		6693596429606A3900DEDD35 /* Frameworks */ = {
			isa = PBXFrameworksBuildPhase;
			buildActionMask = 2147483647;
			files = (
			);
			runOnlyForDeploymentPostprocessing = 0;
		};
		6693597A29606A3A00DEDD35 /* Frameworks */ = {
			isa = PBXFrameworksBuildPhase;
			buildActionMask = 2147483647;
			files = (
			);
			runOnlyForDeploymentPostprocessing = 0;
		};
		6693598429606A3A00DEDD35 /* Frameworks */ = {
			isa = PBXFrameworksBuildPhase;
			buildActionMask = 2147483647;
			files = (
			);
			runOnlyForDeploymentPostprocessing = 0;
		};
/* End PBXFrameworksBuildPhase section */

/* Begin PBXGroup section */
		6611F1B22961D22A0089B49B /* Views */ = {
			isa = PBXGroup;
			children = (
				662D07442974210B002083F6 /* ContentView.swift */,
				662D0746297421D7002083F6 /* ContentViewModel.swift */,
				6611F1B62961E9320089B49B /* CurrentTimeEntry */,
				66411CED2C4EDE4D0050FDFB /* IntervalDatePicker.swift */,
				669393E52990641100CC661C /* PayPeriods */,
			);
			path = Views;
			sourceTree = "<group>";
		};
		6611F1B62961E9320089B49B /* CurrentTimeEntry */ = {
			isa = PBXGroup;
			children = (
				66411CE12C4D3ED10050FDFB /* BreakItem.swift */,
				66411CDF2C4D28B40050FDFB /* BreakState.swift */,
				669393E32986B2BD00CC661C /* ClockInState.swift */,
				662912582961A798007A5343 /* ClockOutError.swift */,
				6629125129607279007A5343 /* CurrentTimeEntryView.swift */,
				6629125529607CB4007A5343 /* CurrentTimeEntryViewModel.swift */,
			);
			path = CurrentTimeEntry;
			sourceTree = "<group>";
		};
		6693595E29606A3900DEDD35 = {
			isa = PBXGroup;
			children = (
				662294AA2C43DC98005707D1 /* TimeKeen.xctestplan */,
				6693596929606A3900DEDD35 /* TimeKeen */,
				6693598029606A3A00DEDD35 /* TimeKeenTests */,
				6693598A29606A3A00DEDD35 /* TimeKeenUITests */,
				6693596829606A3900DEDD35 /* Products */,
			);
			sourceTree = "<group>";
		};
		6693596829606A3900DEDD35 /* Products */ = {
			isa = PBXGroup;
			children = (
				6693596729606A3900DEDD35 /* TimeKeen.app */,
				6693597D29606A3A00DEDD35 /* TimeKeenTests.xctest */,
				6693598729606A3A00DEDD35 /* TimeKeenUITests.xctest */,
			);
			name = Products;
			sourceTree = "<group>";
		};
		6693596929606A3900DEDD35 /* TimeKeen */ = {
			isa = PBXGroup;
			children = (
				66B1D8162C7058760015BD48 /* ArrayExtension.swift */,
				6693596E29606A3A00DEDD35 /* Assets.xcassets */,
				66411CDD2C4D24CD0050FDFB /* BreakEntry.swift */,
				66411CE32C4D3FAD0050FDFB /* BreakEntryExtension.swift */,
				665E7E562C5A76C600E8C43F /* CalendarExtension.swift */,
				66411CF12C4FBE6A0050FDFB /* DateExtension.swift */,
				66411CE52C4E6E7D0050FDFB /* Formatting.swift */,
				6693597829606A3A00DEDD35 /* Info.plist */,
				66411CFA2C5134490050FDFB /* Localizable.xcstrings */,
				66B1D81B2C70B3DB0015BD48 /* PayPeriod.swift */,
				66411CEF2C4F56B50050FDFB /* PayPeriodSchedule.swift */,
				6693597029606A3A00DEDD35 /* Preview Content */,
				66B1D8112C60D0460015BD48 /* PrivacyInfo.xcprivacy */,
				665E7E592C5EBB8400E8C43F /* SharedData.swift */,
				66B1D8132C6783F90015BD48 /* Store.storekit */,
				662294B12C4466B1005707D1 /* TimeEntry.swift */,
				662294AF2C440196005707D1 /* TimeEntryExtension.swift */,
				665E7E582C5EB95000E8C43F /* TimeKeen.entitlements */,
				6693596A29606A3900DEDD35 /* TimeKeenApp.swift */,
				66411CE72C4E907B0050FDFB /* UserDefaultsExtension.swift */,
				6611F1B22961D22A0089B49B /* Views */,
			);
			path = TimeKeen;
			sourceTree = "<group>";
		};
		6693597029606A3A00DEDD35 /* Preview Content */ = {
			isa = PBXGroup;
			children = (
				6693597129606A3A00DEDD35 /* Preview Assets.xcassets */,
			);
			path = "Preview Content";
			sourceTree = "<group>";
		};
		6693598029606A3A00DEDD35 /* TimeKeenTests */ = {
			isa = PBXGroup;
			children = (
				6693598129606A3A00DEDD35 /* TimeKeenTests.swift */,
				6629125329607B2C007A5343 /* CurrentTimeEntryViewModelTests.swift */,
				66411CF52C4FC4A00050FDFB /* PayPeriodGroupingTests.swift */,
			);
			path = TimeKeenTests;
			sourceTree = "<group>";
		};
		6693598A29606A3A00DEDD35 /* TimeKeenUITests */ = {
			isa = PBXGroup;
			children = (
				6693598B29606A3A00DEDD35 /* TimeKeenUITests.swift */,
				6693598D29606A3A00DEDD35 /* TimeKeenUITestsLaunchTests.swift */,
			);
			path = TimeKeenUITests;
			sourceTree = "<group>";
		};
		669393E52990641100CC661C /* PayPeriods */ = {
			isa = PBXGroup;
			children = (
				662294BE2C4A8554005707D1 /* DailyTimeEntryListSectionHeader.swift */,
				662294BC2C47E904005707D1 /* PayPeriodDetails.swift */,
				66411CF32C4FC0790050FDFB /* PayPeriodGrouping.swift */,
				662294B82C46874F005707D1 /* PayPeriodList.swift */,
				662294B32C4677B8005707D1 /* PayPeriodListViewModel.swift */,
				66411CD52C4AA25A0050FDFB /* PayPeriodSection.swift */,
				66411CD92C4B003A0050FDFB /* TimeEntryDetails.swift */,
				66411CD72C4AA27E0050FDFB /* TimeEntryList.swift */,
				662294AB2C43F840005707D1 /* TimeEntryRow.swift */,
				66ADA4082C52719F002E6185 /* TimeEntrySharingViewModel.swift */,
				66ADA40A2C5271F6002E6185 /* TimeEntrySharingView.swift */,
				6622692F2C52DD0100E51B69 /* TimeEntryExportFormat.swift */,
				66B1D8142C6AA0210015BD48 /* TipPickerSheet.swift */,
			);
			path = PayPeriods;
			sourceTree = "<group>";
		};
/* End PBXGroup section */

/* Begin PBXNativeTarget section */
		6693596629606A3900DEDD35 /* TimeKeen */ = {
			isa = PBXNativeTarget;
			buildConfigurationList = 6693599129606A3A00DEDD35 /* Build configuration list for PBXNativeTarget "TimeKeen" */;
			buildPhases = (
				6693596329606A3900DEDD35 /* Sources */,
				6693596429606A3900DEDD35 /* Frameworks */,
				6693596529606A3900DEDD35 /* Resources */,
			);
			buildRules = (
			);
			dependencies = (
			);
			name = TimeKeen;
			packageProductDependencies = (
			);
			productName = TimeKeen;
			productReference = 6693596729606A3900DEDD35 /* TimeKeen.app */;
			productType = "com.apple.product-type.application";
		};
		6693597C29606A3A00DEDD35 /* TimeKeenTests */ = {
			isa = PBXNativeTarget;
			buildConfigurationList = 6693599429606A3A00DEDD35 /* Build configuration list for PBXNativeTarget "TimeKeenTests" */;
			buildPhases = (
				6693597929606A3A00DEDD35 /* Sources */,
				6693597A29606A3A00DEDD35 /* Frameworks */,
				6693597B29606A3A00DEDD35 /* Resources */,
			);
			buildRules = (
			);
			dependencies = (
				6693597F29606A3A00DEDD35 /* PBXTargetDependency */,
			);
			name = TimeKeenTests;
			productName = TimeKeenTests;
			productReference = 6693597D29606A3A00DEDD35 /* TimeKeenTests.xctest */;
			productType = "com.apple.product-type.bundle.unit-test";
		};
		6693598629606A3A00DEDD35 /* TimeKeenUITests */ = {
			isa = PBXNativeTarget;
			buildConfigurationList = 6693599729606A3A00DEDD35 /* Build configuration list for PBXNativeTarget "TimeKeenUITests" */;
			buildPhases = (
				6693598329606A3A00DEDD35 /* Sources */,
				6693598429606A3A00DEDD35 /* Frameworks */,
				6693598529606A3A00DEDD35 /* Resources */,
			);
			buildRules = (
			);
			dependencies = (
				6693598929606A3A00DEDD35 /* PBXTargetDependency */,
			);
			name = TimeKeenUITests;
			productName = TimeKeenUITests;
			productReference = 6693598729606A3A00DEDD35 /* TimeKeenUITests.xctest */;
			productType = "com.apple.product-type.bundle.ui-testing";
		};
/* End PBXNativeTarget section */

/* Begin PBXProject section */
		6693595F29606A3900DEDD35 /* Project object */ = {
			isa = PBXProject;
			attributes = {
				BuildIndependentTargetsInParallel = 1;
				LastSwiftUpdateCheck = 1420;
				LastUpgradeCheck = 1530;
				TargetAttributes = {
					6693596629606A3900DEDD35 = {
						CreatedOnToolsVersion = 14.2;
					};
					6693597C29606A3A00DEDD35 = {
						CreatedOnToolsVersion = 14.2;
						TestTargetID = 6693596629606A3900DEDD35;
					};
					6693598629606A3A00DEDD35 = {
						CreatedOnToolsVersion = 14.2;
						TestTargetID = 6693596629606A3900DEDD35;
					};
				};
			};
			buildConfigurationList = 6693596229606A3900DEDD35 /* Build configuration list for PBXProject "TimeKeen" */;
			compatibilityVersion = "Xcode 14.0";
			developmentRegion = en;
			hasScannedForEncodings = 0;
			knownRegions = (
				en,
				Base,
				fr,
			);
			mainGroup = 6693595E29606A3900DEDD35;
			packageReferences = (
			);
			productRefGroup = 6693596829606A3900DEDD35 /* Products */;
			projectDirPath = "";
			projectRoot = "";
			targets = (
				6693596629606A3900DEDD35 /* TimeKeen */,
				6693597C29606A3A00DEDD35 /* TimeKeenTests */,
				6693598629606A3A00DEDD35 /* TimeKeenUITests */,
			);
		};
/* End PBXProject section */

/* Begin PBXResourcesBuildPhase section */
		6693596529606A3900DEDD35 /* Resources */ = {
			isa = PBXResourcesBuildPhase;
			buildActionMask = 2147483647;
			files = (
				6693597229606A3A00DEDD35 /* Preview Assets.xcassets in Resources */,
				6693596F29606A3A00DEDD35 /* Assets.xcassets in Resources */,
				66B1D8122C60D0460015BD48 /* PrivacyInfo.xcprivacy in Resources */,
				66411CFB2C5134490050FDFB /* Localizable.xcstrings in Resources */,
			);
			runOnlyForDeploymentPostprocessing = 0;
		};
		6693597B29606A3A00DEDD35 /* Resources */ = {
			isa = PBXResourcesBuildPhase;
			buildActionMask = 2147483647;
			files = (
			);
			runOnlyForDeploymentPostprocessing = 0;
		};
		6693598529606A3A00DEDD35 /* Resources */ = {
			isa = PBXResourcesBuildPhase;
			buildActionMask = 2147483647;
			files = (
			);
			runOnlyForDeploymentPostprocessing = 0;
		};
/* End PBXResourcesBuildPhase section */

/* Begin PBXSourcesBuildPhase section */
		6693596329606A3900DEDD35 /* Sources */ = {
			isa = PBXSourcesBuildPhase;
			buildActionMask = 2147483647;
			files = (
				665E7E5A2C5EBB8400E8C43F /* SharedData.swift in Sources */,
				66411CEE2C4EDE4D0050FDFB /* IntervalDatePicker.swift in Sources */,
				66ADA40B2C5271F6002E6185 /* TimeEntrySharingView.swift in Sources */,
				662294BD2C47E904005707D1 /* PayPeriodDetails.swift in Sources */,
				66411CE02C4D28B40050FDFB /* BreakState.swift in Sources */,
				662D0747297421D7002083F6 /* ContentViewModel.swift in Sources */,
				66411CE62C4E6E7D0050FDFB /* Formatting.swift in Sources */,
				66411CE42C4D3FAD0050FDFB /* BreakEntryExtension.swift in Sources */,
				66411CDE2C4D24CD0050FDFB /* BreakEntry.swift in Sources */,
				66411CF22C4FBE6A0050FDFB /* DateExtension.swift in Sources */,
				66B1D81C2C70B3DB0015BD48 /* PayPeriod.swift in Sources */,
				66411CF02C4F56B50050FDFB /* PayPeriodSchedule.swift in Sources */,
				66411CDA2C4B003A0050FDFB /* TimeEntryDetails.swift in Sources */,
				6629125629607CB4007A5343 /* CurrentTimeEntryViewModel.swift in Sources */,
				662269302C52DD0100E51B69 /* TimeEntryExportFormat.swift in Sources */,
				662D07452974210B002083F6 /* ContentView.swift in Sources */,
				662294B22C4466B1005707D1 /* TimeEntry.swift in Sources */,
				66B1D8152C6AA0210015BD48 /* TipPickerSheet.swift in Sources */,
				662294B92C46874F005707D1 /* PayPeriodList.swift in Sources */,
				662294BF2C4A8554005707D1 /* DailyTimeEntryListSectionHeader.swift in Sources */,
				66411CD82C4AA27E0050FDFB /* TimeEntryList.swift in Sources */,
				66411CE22C4D3ED10050FDFB /* BreakItem.swift in Sources */,
				662912592961A798007A5343 /* ClockOutError.swift in Sources */,
				6629125229607279007A5343 /* CurrentTimeEntryView.swift in Sources */,
				66ADA4092C52719F002E6185 /* TimeEntrySharingViewModel.swift in Sources */,
				669393E42986B2BD00CC661C /* ClockInState.swift in Sources */,
				6693596B29606A3900DEDD35 /* TimeKeenApp.swift in Sources */,
				66411CF42C4FC0790050FDFB /* PayPeriodGrouping.swift in Sources */,
				66B1D8172C7058760015BD48 /* ArrayExtension.swift in Sources */,
				665E7E572C5A76C600E8C43F /* CalendarExtension.swift in Sources */,
				662294B42C4677B8005707D1 /* PayPeriodListViewModel.swift in Sources */,
				662294AC2C43F840005707D1 /* TimeEntryRow.swift in Sources */,
				66411CD62C4AA25A0050FDFB /* PayPeriodSection.swift in Sources */,
				66411CE82C4E907B0050FDFB /* UserDefaultsExtension.swift in Sources */,
				662294B02C440196005707D1 /* TimeEntryExtension.swift in Sources */,
			);
			runOnlyForDeploymentPostprocessing = 0;
		};
		6693597929606A3A00DEDD35 /* Sources */ = {
			isa = PBXSourcesBuildPhase;
			buildActionMask = 2147483647;
			files = (
				6693598229606A3A00DEDD35 /* TimeKeenTests.swift in Sources */,
				6629125429607B2C007A5343 /* CurrentTimeEntryViewModelTests.swift in Sources */,
				66411CF62C4FC4A00050FDFB /* PayPeriodGroupingTests.swift in Sources */,
			);
			runOnlyForDeploymentPostprocessing = 0;
		};
		6693598329606A3A00DEDD35 /* Sources */ = {
			isa = PBXSourcesBuildPhase;
			buildActionMask = 2147483647;
			files = (
				6693598E29606A3A00DEDD35 /* TimeKeenUITestsLaunchTests.swift in Sources */,
				6693598C29606A3A00DEDD35 /* TimeKeenUITests.swift in Sources */,
			);
			runOnlyForDeploymentPostprocessing = 0;
		};
/* End PBXSourcesBuildPhase section */

/* Begin PBXTargetDependency section */
		6693597F29606A3A00DEDD35 /* PBXTargetDependency */ = {
			isa = PBXTargetDependency;
			target = 6693596629606A3900DEDD35 /* TimeKeen */;
			targetProxy = 6693597E29606A3A00DEDD35 /* PBXContainerItemProxy */;
		};
		6693598929606A3A00DEDD35 /* PBXTargetDependency */ = {
			isa = PBXTargetDependency;
			target = 6693596629606A3900DEDD35 /* TimeKeen */;
			targetProxy = 6693598829606A3A00DEDD35 /* PBXContainerItemProxy */;
		};
/* End PBXTargetDependency section */

/* Begin XCBuildConfiguration section */
		6693598F29606A3A00DEDD35 /* Debug */ = {
			isa = XCBuildConfiguration;
			buildSettings = {
				ALWAYS_SEARCH_USER_PATHS = NO;
				ASSETCATALOG_COMPILER_GENERATE_SWIFT_ASSET_SYMBOL_EXTENSIONS = YES;
				CLANG_ANALYZER_NONNULL = YES;
				CLANG_ANALYZER_NUMBER_OBJECT_CONVERSION = YES_AGGRESSIVE;
				CLANG_CXX_LANGUAGE_STANDARD = "gnu++20";
				CLANG_ENABLE_MODULES = YES;
				CLANG_ENABLE_OBJC_ARC = YES;
				CLANG_ENABLE_OBJC_WEAK = YES;
				CLANG_WARN_BLOCK_CAPTURE_AUTORELEASING = YES;
				CLANG_WARN_BOOL_CONVERSION = YES;
				CLANG_WARN_COMMA = YES;
				CLANG_WARN_CONSTANT_CONVERSION = YES;
				CLANG_WARN_DEPRECATED_OBJC_IMPLEMENTATIONS = YES;
				CLANG_WARN_DIRECT_OBJC_ISA_USAGE = YES_ERROR;
				CLANG_WARN_DOCUMENTATION_COMMENTS = YES;
				CLANG_WARN_EMPTY_BODY = YES;
				CLANG_WARN_ENUM_CONVERSION = YES;
				CLANG_WARN_INFINITE_RECURSION = YES;
				CLANG_WARN_INT_CONVERSION = YES;
				CLANG_WARN_NON_LITERAL_NULL_CONVERSION = YES;
				CLANG_WARN_OBJC_IMPLICIT_RETAIN_SELF = YES;
				CLANG_WARN_OBJC_LITERAL_CONVERSION = YES;
				CLANG_WARN_OBJC_ROOT_CLASS = YES_ERROR;
				CLANG_WARN_QUOTED_INCLUDE_IN_FRAMEWORK_HEADER = YES;
				CLANG_WARN_RANGE_LOOP_ANALYSIS = YES;
				CLANG_WARN_STRICT_PROTOTYPES = YES;
				CLANG_WARN_SUSPICIOUS_MOVE = YES;
				CLANG_WARN_UNGUARDED_AVAILABILITY = YES_AGGRESSIVE;
				CLANG_WARN_UNREACHABLE_CODE = YES;
				CLANG_WARN__DUPLICATE_METHOD_MATCH = YES;
				COPY_PHASE_STRIP = NO;
				DEBUG_INFORMATION_FORMAT = dwarf;
				ENABLE_STRICT_OBJC_MSGSEND = YES;
				ENABLE_TESTABILITY = YES;
				ENABLE_USER_SCRIPT_SANDBOXING = YES;
				GCC_C_LANGUAGE_STANDARD = gnu11;
				GCC_DYNAMIC_NO_PIC = NO;
				GCC_NO_COMMON_BLOCKS = YES;
				GCC_OPTIMIZATION_LEVEL = 0;
				GCC_PREPROCESSOR_DEFINITIONS = (
					"DEBUG=1",
					"$(inherited)",
				);
				GCC_WARN_64_TO_32_BIT_CONVERSION = YES;
				GCC_WARN_ABOUT_RETURN_TYPE = YES_ERROR;
				GCC_WARN_UNDECLARED_SELECTOR = YES;
				GCC_WARN_UNINITIALIZED_AUTOS = YES_AGGRESSIVE;
				GCC_WARN_UNUSED_FUNCTION = YES;
				GCC_WARN_UNUSED_VARIABLE = YES;
				IPHONEOS_DEPLOYMENT_TARGET = 17.5;
				MTL_ENABLE_DEBUG_INFO = INCLUDE_SOURCE;
				MTL_FAST_MATH = YES;
				ONLY_ACTIVE_ARCH = YES;
				SDKROOT = iphoneos;
				SWIFT_ACTIVE_COMPILATION_CONDITIONS = DEBUG;
				SWIFT_OPTIMIZATION_LEVEL = "-Onone";
			};
			name = Debug;
		};
		6693599029606A3A00DEDD35 /* Release */ = {
			isa = XCBuildConfiguration;
			buildSettings = {
				ALWAYS_SEARCH_USER_PATHS = NO;
				ASSETCATALOG_COMPILER_GENERATE_SWIFT_ASSET_SYMBOL_EXTENSIONS = YES;
				CLANG_ANALYZER_NONNULL = YES;
				CLANG_ANALYZER_NUMBER_OBJECT_CONVERSION = YES_AGGRESSIVE;
				CLANG_CXX_LANGUAGE_STANDARD = "gnu++20";
				CLANG_ENABLE_MODULES = YES;
				CLANG_ENABLE_OBJC_ARC = YES;
				CLANG_ENABLE_OBJC_WEAK = YES;
				CLANG_WARN_BLOCK_CAPTURE_AUTORELEASING = YES;
				CLANG_WARN_BOOL_CONVERSION = YES;
				CLANG_WARN_COMMA = YES;
				CLANG_WARN_CONSTANT_CONVERSION = YES;
				CLANG_WARN_DEPRECATED_OBJC_IMPLEMENTATIONS = YES;
				CLANG_WARN_DIRECT_OBJC_ISA_USAGE = YES_ERROR;
				CLANG_WARN_DOCUMENTATION_COMMENTS = YES;
				CLANG_WARN_EMPTY_BODY = YES;
				CLANG_WARN_ENUM_CONVERSION = YES;
				CLANG_WARN_INFINITE_RECURSION = YES;
				CLANG_WARN_INT_CONVERSION = YES;
				CLANG_WARN_NON_LITERAL_NULL_CONVERSION = YES;
				CLANG_WARN_OBJC_IMPLICIT_RETAIN_SELF = YES;
				CLANG_WARN_OBJC_LITERAL_CONVERSION = YES;
				CLANG_WARN_OBJC_ROOT_CLASS = YES_ERROR;
				CLANG_WARN_QUOTED_INCLUDE_IN_FRAMEWORK_HEADER = YES;
				CLANG_WARN_RANGE_LOOP_ANALYSIS = YES;
				CLANG_WARN_STRICT_PROTOTYPES = YES;
				CLANG_WARN_SUSPICIOUS_MOVE = YES;
				CLANG_WARN_UNGUARDED_AVAILABILITY = YES_AGGRESSIVE;
				CLANG_WARN_UNREACHABLE_CODE = YES;
				CLANG_WARN__DUPLICATE_METHOD_MATCH = YES;
				COPY_PHASE_STRIP = NO;
				DEBUG_INFORMATION_FORMAT = "dwarf-with-dsym";
				ENABLE_NS_ASSERTIONS = NO;
				ENABLE_STRICT_OBJC_MSGSEND = YES;
				ENABLE_USER_SCRIPT_SANDBOXING = YES;
				GCC_C_LANGUAGE_STANDARD = gnu11;
				GCC_NO_COMMON_BLOCKS = YES;
				GCC_WARN_64_TO_32_BIT_CONVERSION = YES;
				GCC_WARN_ABOUT_RETURN_TYPE = YES_ERROR;
				GCC_WARN_UNDECLARED_SELECTOR = YES;
				GCC_WARN_UNINITIALIZED_AUTOS = YES_AGGRESSIVE;
				GCC_WARN_UNUSED_FUNCTION = YES;
				GCC_WARN_UNUSED_VARIABLE = YES;
				IPHONEOS_DEPLOYMENT_TARGET = 17.5;
				MTL_ENABLE_DEBUG_INFO = NO;
				MTL_FAST_MATH = YES;
				SDKROOT = iphoneos;
				SWIFT_COMPILATION_MODE = wholemodule;
				SWIFT_OPTIMIZATION_LEVEL = "-O";
				VALIDATE_PRODUCT = YES;
			};
			name = Release;
		};
		6693599229606A3A00DEDD35 /* Debug */ = {
			isa = XCBuildConfiguration;
			buildSettings = {
				ASSETCATALOG_COMPILER_APPICON_NAME = AppIcon;
				ASSETCATALOG_COMPILER_GLOBAL_ACCENT_COLOR_NAME = AccentColor;
				CLANG_WARN_ASSIGN_ENUM = YES;
				CLANG_WARN_COMPLETION_HANDLER_MISUSE = YES;
				CLANG_WARN_FLOAT_CONVERSION = YES_ERROR;
				CLANG_WARN_FRAMEWORK_INCLUDE_PRIVATE_FROM_PUBLIC = YES;
				CLANG_WARN_IMPLICIT_FALLTHROUGH = YES;
				CLANG_WARN_IMPLICIT_SIGN_CONVERSION = YES_ERROR;
				CLANG_WARN_SEMICOLON_BEFORE_METHOD_BODY = YES;
				CLANG_WARN_SUSPICIOUS_IMPLICIT_CONVERSION = YES_ERROR;
				CODE_SIGN_ENTITLEMENTS = TimeKeen/TimeKeen.entitlements;
				CODE_SIGN_STYLE = Automatic;
				CURRENT_PROJECT_VERSION = 1;
				DEVELOPMENT_ASSET_PATHS = "\"TimeKeen/Preview Content\"";
				DEVELOPMENT_TEAM = A2M6WJ4ZXF;
				ENABLE_PREVIEWS = YES;
				GCC_TREAT_IMPLICIT_FUNCTION_DECLARATIONS_AS_ERRORS = YES;
				GCC_TREAT_INCOMPATIBLE_POINTER_TYPE_WARNINGS_AS_ERRORS = YES;
				GCC_TREAT_WARNINGS_AS_ERRORS = YES;
				GCC_WARN_ABOUT_MISSING_FIELD_INITIALIZERS = YES;
				GCC_WARN_ABOUT_MISSING_PROTOTYPES = YES;
				GCC_WARN_FOUR_CHARACTER_CONSTANTS = YES;
				GCC_WARN_INITIALIZER_NOT_FULLY_BRACKETED = YES;
				GCC_WARN_SHADOW = YES;
				GCC_WARN_SIGN_COMPARE = YES;
				GCC_WARN_UNKNOWN_PRAGMAS = YES;
				GCC_WARN_UNUSED_LABEL = YES;
				GCC_WARN_UNUSED_PARAMETER = NO;
				GENERATE_INFOPLIST_FILE = YES;
				INFOPLIST_FILE = TimeKeen/Info.plist;
				INFOPLIST_KEY_CFBundleDisplayName = "Time Keen";
				INFOPLIST_KEY_LSApplicationCategoryType = "public.app-category.business";
				INFOPLIST_KEY_UIApplicationSceneManifest_Generation = YES;
				INFOPLIST_KEY_UIApplicationSupportsIndirectInputEvents = YES;
				INFOPLIST_KEY_UISupportedInterfaceOrientations_iPad = "UIInterfaceOrientationPortrait UIInterfaceOrientationPortraitUpsideDown UIInterfaceOrientationLandscapeLeft UIInterfaceOrientationLandscapeRight";
				INFOPLIST_KEY_UISupportedInterfaceOrientations_iPhone = "UIInterfaceOrientationPortrait UIInterfaceOrientationLandscapeLeft UIInterfaceOrientationLandscapeRight";
				LD_RUNPATH_SEARCH_PATHS = (
					"$(inherited)",
					"@executable_path/Frameworks",
				);
				MARKETING_VERSION = 1.0;
				PRODUCT_BUNDLE_IDENTIFIER = com.timekeen.TimeKeen;
				PRODUCT_NAME = "$(TARGET_NAME)";
				SWIFT_EMIT_LOC_STRINGS = YES;
				SWIFT_TREAT_WARNINGS_AS_ERRORS = YES;
				SWIFT_VERSION = 5.0;
				TARGETED_DEVICE_FAMILY = "1,2";
			};
			name = Debug;
		};
		6693599329606A3A00DEDD35 /* Release */ = {
			isa = XCBuildConfiguration;
			buildSettings = {
				ASSETCATALOG_COMPILER_APPICON_NAME = AppIcon;
				ASSETCATALOG_COMPILER_GLOBAL_ACCENT_COLOR_NAME = AccentColor;
				CLANG_WARN_ASSIGN_ENUM = YES;
				CLANG_WARN_COMPLETION_HANDLER_MISUSE = YES;
				CLANG_WARN_FLOAT_CONVERSION = YES_ERROR;
				CLANG_WARN_FRAMEWORK_INCLUDE_PRIVATE_FROM_PUBLIC = YES;
				CLANG_WARN_IMPLICIT_FALLTHROUGH = YES;
				CLANG_WARN_IMPLICIT_SIGN_CONVERSION = YES_ERROR;
				CLANG_WARN_SEMICOLON_BEFORE_METHOD_BODY = YES;
				CLANG_WARN_SUSPICIOUS_IMPLICIT_CONVERSION = YES_ERROR;
				CODE_SIGN_ENTITLEMENTS = TimeKeen/TimeKeen.entitlements;
				CODE_SIGN_STYLE = Automatic;
				CURRENT_PROJECT_VERSION = 1;
				DEVELOPMENT_ASSET_PATHS = "\"TimeKeen/Preview Content\"";
				DEVELOPMENT_TEAM = A2M6WJ4ZXF;
				ENABLE_PREVIEWS = YES;
				GCC_TREAT_IMPLICIT_FUNCTION_DECLARATIONS_AS_ERRORS = YES;
				GCC_TREAT_INCOMPATIBLE_POINTER_TYPE_WARNINGS_AS_ERRORS = YES;
				GCC_TREAT_WARNINGS_AS_ERRORS = YES;
				GCC_WARN_ABOUT_MISSING_FIELD_INITIALIZERS = YES;
				GCC_WARN_ABOUT_MISSING_PROTOTYPES = YES;
				GCC_WARN_FOUR_CHARACTER_CONSTANTS = YES;
				GCC_WARN_INITIALIZER_NOT_FULLY_BRACKETED = YES;
				GCC_WARN_SHADOW = YES;
				GCC_WARN_SIGN_COMPARE = YES;
				GCC_WARN_UNKNOWN_PRAGMAS = YES;
				GCC_WARN_UNUSED_LABEL = YES;
				GCC_WARN_UNUSED_PARAMETER = NO;
				GENERATE_INFOPLIST_FILE = YES;
				INFOPLIST_FILE = TimeKeen/Info.plist;
				INFOPLIST_KEY_CFBundleDisplayName = "Time Keen";
				INFOPLIST_KEY_LSApplicationCategoryType = "public.app-category.business";
				INFOPLIST_KEY_UIApplicationSceneManifest_Generation = YES;
				INFOPLIST_KEY_UIApplicationSupportsIndirectInputEvents = YES;
				INFOPLIST_KEY_UISupportedInterfaceOrientations_iPad = "UIInterfaceOrientationPortrait UIInterfaceOrientationPortraitUpsideDown UIInterfaceOrientationLandscapeLeft UIInterfaceOrientationLandscapeRight";
				INFOPLIST_KEY_UISupportedInterfaceOrientations_iPhone = "UIInterfaceOrientationPortrait UIInterfaceOrientationLandscapeLeft UIInterfaceOrientationLandscapeRight";
				LD_RUNPATH_SEARCH_PATHS = (
					"$(inherited)",
					"@executable_path/Frameworks",
				);
				MARKETING_VERSION = 1.0;
				PRODUCT_BUNDLE_IDENTIFIER = com.timekeen.TimeKeen;
				PRODUCT_NAME = "$(TARGET_NAME)";
				SWIFT_EMIT_LOC_STRINGS = YES;
				SWIFT_TREAT_WARNINGS_AS_ERRORS = YES;
				SWIFT_VERSION = 5.0;
				TARGETED_DEVICE_FAMILY = "1,2";
			};
			name = Release;
		};
		6693599529606A3A00DEDD35 /* Debug */ = {
			isa = XCBuildConfiguration;
			buildSettings = {
				ALWAYS_EMBED_SWIFT_STANDARD_LIBRARIES = YES;
				BUNDLE_LOADER = "$(TEST_HOST)";
				CODE_SIGN_STYLE = Automatic;
				CURRENT_PROJECT_VERSION = 1;
				GENERATE_INFOPLIST_FILE = YES;
				IPHONEOS_DEPLOYMENT_TARGET = 17.4;
				MARKETING_VERSION = 1.0;
				PRODUCT_BUNDLE_IDENTIFIER = com.madbranch.TimeKeenTests;
				PRODUCT_NAME = "$(TARGET_NAME)";
				SWIFT_EMIT_LOC_STRINGS = NO;
				SWIFT_TREAT_WARNINGS_AS_ERRORS = YES;
				SWIFT_VERSION = 5.0;
				TARGETED_DEVICE_FAMILY = "1,2";
				TEST_HOST = "$(BUILT_PRODUCTS_DIR)/TimeKeen.app/$(BUNDLE_EXECUTABLE_FOLDER_PATH)/TimeKeen";
			};
			name = Debug;
		};
		6693599629606A3A00DEDD35 /* Release */ = {
			isa = XCBuildConfiguration;
			buildSettings = {
				ALWAYS_EMBED_SWIFT_STANDARD_LIBRARIES = YES;
				BUNDLE_LOADER = "$(TEST_HOST)";
				CODE_SIGN_STYLE = Automatic;
				CURRENT_PROJECT_VERSION = 1;
				GENERATE_INFOPLIST_FILE = YES;
				IPHONEOS_DEPLOYMENT_TARGET = 17.4;
				MARKETING_VERSION = 1.0;
				PRODUCT_BUNDLE_IDENTIFIER = com.madbranch.TimeKeenTests;
				PRODUCT_NAME = "$(TARGET_NAME)";
				SWIFT_EMIT_LOC_STRINGS = NO;
				SWIFT_TREAT_WARNINGS_AS_ERRORS = YES;
				SWIFT_VERSION = 5.0;
				TARGETED_DEVICE_FAMILY = "1,2";
				TEST_HOST = "$(BUILT_PRODUCTS_DIR)/TimeKeen.app/$(BUNDLE_EXECUTABLE_FOLDER_PATH)/TimeKeen";
			};
			name = Release;
		};
		6693599829606A3A00DEDD35 /* Debug */ = {
			isa = XCBuildConfiguration;
			buildSettings = {
				ALWAYS_EMBED_SWIFT_STANDARD_LIBRARIES = YES;
				CODE_SIGN_STYLE = Automatic;
				CURRENT_PROJECT_VERSION = 1;
				GENERATE_INFOPLIST_FILE = YES;
				MARKETING_VERSION = 1.0;
				PRODUCT_BUNDLE_IDENTIFIER = com.madbranch.TimeKeenUITests;
				PRODUCT_NAME = "$(TARGET_NAME)";
				SWIFT_EMIT_LOC_STRINGS = NO;
				SWIFT_VERSION = 5.0;
				TARGETED_DEVICE_FAMILY = "1,2";
				TEST_TARGET_NAME = TimeKeen;
			};
			name = Debug;
		};
		6693599929606A3A00DEDD35 /* Release */ = {
			isa = XCBuildConfiguration;
			buildSettings = {
				ALWAYS_EMBED_SWIFT_STANDARD_LIBRARIES = YES;
				CODE_SIGN_STYLE = Automatic;
				CURRENT_PROJECT_VERSION = 1;
				GENERATE_INFOPLIST_FILE = YES;
				MARKETING_VERSION = 1.0;
				PRODUCT_BUNDLE_IDENTIFIER = com.madbranch.TimeKeenUITests;
				PRODUCT_NAME = "$(TARGET_NAME)";
				SWIFT_EMIT_LOC_STRINGS = NO;
				SWIFT_VERSION = 5.0;
				TARGETED_DEVICE_FAMILY = "1,2";
				TEST_TARGET_NAME = TimeKeen;
			};
			name = Release;
		};
/* End XCBuildConfiguration section */

/* Begin XCConfigurationList section */
		6693596229606A3900DEDD35 /* Build configuration list for PBXProject "TimeKeen" */ = {
			isa = XCConfigurationList;
			buildConfigurations = (
				6693598F29606A3A00DEDD35 /* Debug */,
				6693599029606A3A00DEDD35 /* Release */,
			);
			defaultConfigurationIsVisible = 0;
			defaultConfigurationName = Release;
		};
		6693599129606A3A00DEDD35 /* Build configuration list for PBXNativeTarget "TimeKeen" */ = {
			isa = XCConfigurationList;
			buildConfigurations = (
				6693599229606A3A00DEDD35 /* Debug */,
				6693599329606A3A00DEDD35 /* Release */,
			);
			defaultConfigurationIsVisible = 0;
			defaultConfigurationName = Release;
		};
		6693599429606A3A00DEDD35 /* Build configuration list for PBXNativeTarget "TimeKeenTests" */ = {
			isa = XCConfigurationList;
			buildConfigurations = (
				6693599529606A3A00DEDD35 /* Debug */,
				6693599629606A3A00DEDD35 /* Release */,
			);
			defaultConfigurationIsVisible = 0;
			defaultConfigurationName = Release;
		};
		6693599729606A3A00DEDD35 /* Build configuration list for PBXNativeTarget "TimeKeenUITests" */ = {
			isa = XCConfigurationList;
			buildConfigurations = (
				6693599829606A3A00DEDD35 /* Debug */,
				6693599929606A3A00DEDD35 /* Release */,
			);
			defaultConfigurationIsVisible = 0;
			defaultConfigurationName = Release;
		};
/* End XCConfigurationList section */
	};
	rootObject = 6693595F29606A3900DEDD35 /* Project object */;
}
