// !$*UTF8*$!
{
	archiveVersion = 1;
	classes = {
	};
	objectVersion = 56;
	objects = {

/* Begin PBXBuildFile section */
		662269302C52DD0100E51B69 /* TimeEntryExportFormat.swift in Sources */ = {isa = PBXBuildFile; fileRef = 6622692F2C52DD0100E51B69 /* TimeEntryExportFormat.swift */; };
		662294AC2C43F840005707D1 /* TimeEntryRow.swift in Sources */ = {isa = PBXBuildFile; fileRef = 662294AB2C43F840005707D1 /* TimeEntryRow.swift */; };
		662294B02C440196005707D1 /* TimeEntryExtension.swift in Sources */ = {isa = PBXBuildFile; fileRef = 662294AF2C440196005707D1 /* TimeEntryExtension.swift */; };
		662294B22C4466B1005707D1 /* TimeEntry.swift in Sources */ = {isa = PBXBuildFile; fileRef = 662294B12C4466B1005707D1 /* TimeEntry.swift */; };
		662294B92C46874F005707D1 /* PayPeriodList.swift in Sources */ = {isa = PBXBuildFile; fileRef = 662294B82C46874F005707D1 /* PayPeriodList.swift */; };
		662294BD2C47E904005707D1 /* PayPeriodDetails.swift in Sources */ = {isa = PBXBuildFile; fileRef = 662294BC2C47E904005707D1 /* PayPeriodDetails.swift */; };
		662294BF2C4A8554005707D1 /* DailyTimeEntryListSectionHeader.swift in Sources */ = {isa = PBXBuildFile; fileRef = 662294BE2C4A8554005707D1 /* DailyTimeEntryListSectionHeader.swift */; };
		6623FA8A2D2424A5005BE907 /* DataModel.swift in Sources */ = {isa = PBXBuildFile; fileRef = 6623FA892D2424A5005BE907 /* DataModel.swift */; };
		6623FA8B2D242614005BE907 /* DataModel.swift in Sources */ = {isa = PBXBuildFile; fileRef = 6623FA892D2424A5005BE907 /* DataModel.swift */; };
		6623FA912D24261F005BE907 /* TimeKeenWidgetExtension.swift in Sources */ = {isa = PBXBuildFile; fileRef = 6623FA8E2D24261F005BE907 /* TimeKeenWidgetExtension.swift */; };
		6623FA922D24261F005BE907 /* TimeKeenWidgetExtensionBundle.swift in Sources */ = {isa = PBXBuildFile; fileRef = 6623FA8F2D24261F005BE907 /* TimeKeenWidgetExtensionBundle.swift */; };
		6623FA932D24261F005BE907 /* Assets.xcassets in Resources */ = {isa = PBXBuildFile; fileRef = 6623FA8C2D24261F005BE907 /* Assets.xcassets */; };
		6629125229607279007A5343 /* CurrentTimeEntryView.swift in Sources */ = {isa = PBXBuildFile; fileRef = 6629125129607279007A5343 /* CurrentTimeEntryView.swift */; };
		662D07452974210B002083F6 /* ContentView.swift in Sources */ = {isa = PBXBuildFile; fileRef = 662D07442974210B002083F6 /* ContentView.swift */; };
		6631C48F2C7609700082D770 /* TimeSheetOnTheClockView.swift in Sources */ = {isa = PBXBuildFile; fileRef = 6631C48E2C7609700082D770 /* TimeSheetOnTheClockView.swift */; };
		6631C4912C7A7D0A0082D770 /* ColorPalette.swift in Sources */ = {isa = PBXBuildFile; fileRef = 6631C4902C7A7D0A0082D770 /* ColorPalette.swift */; };
		6631C4942C7B50A70082D770 /* ClockIn.swift in Sources */ = {isa = PBXBuildFile; fileRef = 6631C4932C7B50A70082D770 /* ClockIn.swift */; };
		6631C4962C7D385D0082D770 /* TimeKeenShortcuts.swift in Sources */ = {isa = PBXBuildFile; fileRef = 6631C4952C7D385D0082D770 /* TimeKeenShortcuts.swift */; };
		6631C4982C7ECC3B0082D770 /* ClockOut.swift in Sources */ = {isa = PBXBuildFile; fileRef = 6631C4972C7ECC3B0082D770 /* ClockOut.swift */; };
		664113252CD646AB0065E014 /* WidgetKit.framework in Frameworks */ = {isa = PBXBuildFile; fileRef = 664113242CD646AB0065E014 /* WidgetKit.framework */; };
		664113272CD646AB0065E014 /* SwiftUI.framework in Frameworks */ = {isa = PBXBuildFile; fileRef = 664113262CD646AB0065E014 /* SwiftUI.framework */; };
		664113322CD646AC0065E014 /* TimeKeenWidgetExtensionExtension.appex in Embed Foundation Extensions */ = {isa = PBXBuildFile; fileRef = 664113222CD646AB0065E014 /* TimeKeenWidgetExtensionExtension.appex */; settings = {ATTRIBUTES = (RemoveHeadersOnCopy, ); }; };
		664113382CD64D860065E014 /* ClockIn.swift in Sources */ = {isa = PBXBuildFile; fileRef = 6631C4932C7B50A70082D770 /* ClockIn.swift */; };
		664113392CD64DAA0065E014 /* DateProvider.swift in Sources */ = {isa = PBXBuildFile; fileRef = 66D2C5A52C8C54D4004C145D /* DateProvider.swift */; };
		6641133A2CD64DBD0065E014 /* SharedData.swift in Sources */ = {isa = PBXBuildFile; fileRef = 665E7E592C5EBB8400E8C43F /* SharedData.swift */; };
		6641133B2CD64DC90065E014 /* ClockInState.swift in Sources */ = {isa = PBXBuildFile; fileRef = 669393E32986B2BD00CC661C /* ClockInState.swift */; };
		6641133C2CD64DD60065E014 /* BreakEntry.swift in Sources */ = {isa = PBXBuildFile; fileRef = 66411CDD2C4D24CD0050FDFB /* BreakEntry.swift */; };
		6641133D2CD64DE50065E014 /* UserDefaultsExtension.swift in Sources */ = {isa = PBXBuildFile; fileRef = 66411CE72C4E907B0050FDFB /* UserDefaultsExtension.swift */; };
		6641133E2CD64DF60065E014 /* Formatting.swift in Sources */ = {isa = PBXBuildFile; fileRef = 66411CE52C4E6E7D0050FDFB /* Formatting.swift */; };
		6641133F2CD64E020065E014 /* CalendarExtension.swift in Sources */ = {isa = PBXBuildFile; fileRef = 665E7E562C5A76C600E8C43F /* CalendarExtension.swift */; };
		664113402CD64E1B0065E014 /* PayPeriodSchedule.swift in Sources */ = {isa = PBXBuildFile; fileRef = 66411CEF2C4F56B50050FDFB /* PayPeriodSchedule.swift */; };
		664113412CD64E620065E014 /* DateExtension.swift in Sources */ = {isa = PBXBuildFile; fileRef = 66411CF12C4FBE6A0050FDFB /* DateExtension.swift */; };
		664113422CD64E750065E014 /* ArrayExtension.swift in Sources */ = {isa = PBXBuildFile; fileRef = 66B1D8162C7058760015BD48 /* ArrayExtension.swift */; };
		664113432CD64E840065E014 /* TimeEntry.swift in Sources */ = {isa = PBXBuildFile; fileRef = 662294B12C4466B1005707D1 /* TimeEntry.swift */; };
		664113442CD7A1F90065E014 /* QuickActionProvider.swift in Sources */ = {isa = PBXBuildFile; fileRef = 66D2C5A72C8C550A004C145D /* QuickActionProvider.swift */; };
		66411CDA2C4B003A0050FDFB /* TimeEntryDetails.swift in Sources */ = {isa = PBXBuildFile; fileRef = 66411CD92C4B003A0050FDFB /* TimeEntryDetails.swift */; };
		66411CDE2C4D24CD0050FDFB /* BreakEntry.swift in Sources */ = {isa = PBXBuildFile; fileRef = 66411CDD2C4D24CD0050FDFB /* BreakEntry.swift */; };
		66411CE42C4D3FAD0050FDFB /* BreakEntryExtension.swift in Sources */ = {isa = PBXBuildFile; fileRef = 66411CE32C4D3FAD0050FDFB /* BreakEntryExtension.swift */; };
		66411CE62C4E6E7D0050FDFB /* Formatting.swift in Sources */ = {isa = PBXBuildFile; fileRef = 66411CE52C4E6E7D0050FDFB /* Formatting.swift */; };
		66411CE82C4E907B0050FDFB /* UserDefaultsExtension.swift in Sources */ = {isa = PBXBuildFile; fileRef = 66411CE72C4E907B0050FDFB /* UserDefaultsExtension.swift */; };
		66411CEE2C4EDE4D0050FDFB /* IntervalDatePicker.swift in Sources */ = {isa = PBXBuildFile; fileRef = 66411CED2C4EDE4D0050FDFB /* IntervalDatePicker.swift */; };
		66411CF02C4F56B50050FDFB /* PayPeriodSchedule.swift in Sources */ = {isa = PBXBuildFile; fileRef = 66411CEF2C4F56B50050FDFB /* PayPeriodSchedule.swift */; };
		66411CF22C4FBE6A0050FDFB /* DateExtension.swift in Sources */ = {isa = PBXBuildFile; fileRef = 66411CF12C4FBE6A0050FDFB /* DateExtension.swift */; };
		66411CF42C4FC0790050FDFB /* PayPeriodGrouping.swift in Sources */ = {isa = PBXBuildFile; fileRef = 66411CF32C4FC0790050FDFB /* PayPeriodGrouping.swift */; };
		66411CFB2C5134490050FDFB /* Localizable.xcstrings in Resources */ = {isa = PBXBuildFile; fileRef = 66411CFA2C5134490050FDFB /* Localizable.xcstrings */; };
		664E89842CB2A3A80061171C /* Formatting.swift in Sources */ = {isa = PBXBuildFile; fileRef = 66411CE52C4E6E7D0050FDFB /* Formatting.swift */; };
		665E7E572C5A76C600E8C43F /* CalendarExtension.swift in Sources */ = {isa = PBXBuildFile; fileRef = 665E7E562C5A76C600E8C43F /* CalendarExtension.swift */; };
		665E7E5A2C5EBB8400E8C43F /* SharedData.swift in Sources */ = {isa = PBXBuildFile; fileRef = 665E7E592C5EBB8400E8C43F /* SharedData.swift */; };
		667120402C714DCC0017811E /* PayPeriodRow.swift in Sources */ = {isa = PBXBuildFile; fileRef = 6671203F2C714DCC0017811E /* PayPeriodRow.swift */; };
		667120422C714EF60017811E /* PayPeriodSettingsSheet.swift in Sources */ = {isa = PBXBuildFile; fileRef = 667120412C714EF60017811E /* PayPeriodSettingsSheet.swift */; };
		667120442C71FD460017811E /* TimeEntryCsvExport.swift in Sources */ = {isa = PBXBuildFile; fileRef = 667120432C71FD460017811E /* TimeEntryCsvExport.swift */; };
		667120462C71FD820017811E /* TimeEntryJsonExport.swift in Sources */ = {isa = PBXBuildFile; fileRef = 667120452C71FD820017811E /* TimeEntryJsonExport.swift */; };
		667120482C729D630017811E /* PayPeriodSettingsView.swift in Sources */ = {isa = PBXBuildFile; fileRef = 667120472C729D630017811E /* PayPeriodSettingsView.swift */; };
		6671204A2C744CB10017811E /* TimeClockButton.swift in Sources */ = {isa = PBXBuildFile; fileRef = 667120492C744CB10017811E /* TimeClockButton.swift */; };
		667EE8142D1ADA2500BE3614 /* PayPeriod.swift in Sources */ = {isa = PBXBuildFile; fileRef = 66B1D81B2C70B3DB0015BD48 /* PayPeriod.swift */; };
		667EE8152D1AE05000BE3614 /* TimeEntryExtension.swift in Sources */ = {isa = PBXBuildFile; fileRef = 662294AF2C440196005707D1 /* TimeEntryExtension.swift */; };
		667EE8162D1AEDE600BE3614 /* ColorPalette.swift in Sources */ = {isa = PBXBuildFile; fileRef = 6631C4902C7A7D0A0082D770 /* ColorPalette.swift */; };
		668248F72CE0D5610063EB33 /* BreakEntryExtension.swift in Sources */ = {isa = PBXBuildFile; fileRef = 66411CE32C4D3FAD0050FDFB /* BreakEntryExtension.swift */; };
		6687E7A72C89C44900D03D4A /* Previewing.swift in Sources */ = {isa = PBXBuildFile; fileRef = 6687E7A62C89C44900D03D4A /* Previewing.swift */; };
		6693596B29606A3900DEDD35 /* TimeKeenApp.swift in Sources */ = {isa = PBXBuildFile; fileRef = 6693596A29606A3900DEDD35 /* TimeKeenApp.swift */; };
		6693596F29606A3A00DEDD35 /* Assets.xcassets in Resources */ = {isa = PBXBuildFile; fileRef = 6693596E29606A3A00DEDD35 /* Assets.xcassets */; };
		6693597229606A3A00DEDD35 /* Preview Assets.xcassets in Resources */ = {isa = PBXBuildFile; fileRef = 6693597129606A3A00DEDD35 /* Preview Assets.xcassets */; };
		6693598229606A3A00DEDD35 /* TimeKeenTests.swift in Sources */ = {isa = PBXBuildFile; fileRef = 6693598129606A3A00DEDD35 /* TimeKeenTests.swift */; };
		6693598C29606A3A00DEDD35 /* TimeKeenUITests.swift in Sources */ = {isa = PBXBuildFile; fileRef = 6693598B29606A3A00DEDD35 /* TimeKeenUITests.swift */; };
		6693598E29606A3A00DEDD35 /* TimeKeenUITestsLaunchTests.swift in Sources */ = {isa = PBXBuildFile; fileRef = 6693598D29606A3A00DEDD35 /* TimeKeenUITestsLaunchTests.swift */; };
		669393E42986B2BD00CC661C /* ClockInState.swift in Sources */ = {isa = PBXBuildFile; fileRef = 669393E32986B2BD00CC661C /* ClockInState.swift */; };
		66984B562D187658006C0886 /* PayPeriodGrouping.swift in Sources */ = {isa = PBXBuildFile; fileRef = 66411CF32C4FC0790050FDFB /* PayPeriodGrouping.swift */; };
		66ADA40B2C5271F6002E6185 /* TimeEntrySharingView.swift in Sources */ = {isa = PBXBuildFile; fileRef = 66ADA40A2C5271F6002E6185 /* TimeEntrySharingView.swift */; };
		66B1D8122C60D0460015BD48 /* PrivacyInfo.xcprivacy in Resources */ = {isa = PBXBuildFile; fileRef = 66B1D8112C60D0460015BD48 /* PrivacyInfo.xcprivacy */; };
		66B1D8152C6AA0210015BD48 /* TipStoreView.swift in Sources */ = {isa = PBXBuildFile; fileRef = 66B1D8142C6AA0210015BD48 /* TipStoreView.swift */; };
		66B1D8172C7058760015BD48 /* ArrayExtension.swift in Sources */ = {isa = PBXBuildFile; fileRef = 66B1D8162C7058760015BD48 /* ArrayExtension.swift */; };
		66B1D81C2C70B3DB0015BD48 /* PayPeriod.swift in Sources */ = {isa = PBXBuildFile; fileRef = 66B1D81B2C70B3DB0015BD48 /* PayPeriod.swift */; };
		66CBF20B2C8BFA3B002DB7B9 /* SnapshotHelper.swift in Sources */ = {isa = PBXBuildFile; fileRef = 66CBF2032C8BF95C002DB7B9 /* SnapshotHelper.swift */; };
		66CBF2142C8BFB08002DB7B9 /* TimeKeenUISnapshots.swift in Sources */ = {isa = PBXBuildFile; fileRef = 66CBF2132C8BFB08002DB7B9 /* TimeKeenUISnapshots.swift */; };
		66D2C5A62C8C54D4004C145D /* DateProvider.swift in Sources */ = {isa = PBXBuildFile; fileRef = 66D2C5A52C8C54D4004C145D /* DateProvider.swift */; };
		66D2C5A82C8C550A004C145D /* QuickActionProvider.swift in Sources */ = {isa = PBXBuildFile; fileRef = 66D2C5A72C8C550A004C145D /* QuickActionProvider.swift */; };
/* End PBXBuildFile section */

/* Begin PBXContainerItemProxy section */
		664113302CD646AC0065E014 /* PBXContainerItemProxy */ = {
			isa = PBXContainerItemProxy;
			containerPortal = 6693595F29606A3900DEDD35 /* Project object */;
			proxyType = 1;
			remoteGlobalIDString = 664113212CD646AB0065E014;
			remoteInfo = TimeKeenWidgetExtensionExtension;
		};
		6693597E29606A3A00DEDD35 /* PBXContainerItemProxy */ = {
			isa = PBXContainerItemProxy;
			containerPortal = 6693595F29606A3900DEDD35 /* Project object */;
			proxyType = 1;
			remoteGlobalIDString = 6693596629606A3900DEDD35;
			remoteInfo = TimeKeen;
		};
		6693598829606A3A00DEDD35 /* PBXContainerItemProxy */ = {
			isa = PBXContainerItemProxy;
			containerPortal = 6693595F29606A3900DEDD35 /* Project object */;
			proxyType = 1;
			remoteGlobalIDString = 6693596629606A3900DEDD35;
			remoteInfo = TimeKeen;
		};
		66CBF2072C8BFA3B002DB7B9 /* PBXContainerItemProxy */ = {
			isa = PBXContainerItemProxy;
			containerPortal = 6693595F29606A3900DEDD35 /* Project object */;
			proxyType = 1;
			remoteGlobalIDString = 6693596629606A3900DEDD35;
			remoteInfo = TimeKeen;
		};
/* End PBXContainerItemProxy section */

/* Begin PBXCopyFilesBuildPhase section */
		664113332CD646AC0065E014 /* Embed Foundation Extensions */ = {
			isa = PBXCopyFilesBuildPhase;
			buildActionMask = 2147483647;
			dstPath = "";
			dstSubfolderSpec = 13;
			files = (
				664113322CD646AC0065E014 /* TimeKeenWidgetExtensionExtension.appex in Embed Foundation Extensions */,
			);
			name = "Embed Foundation Extensions";
			runOnlyForDeploymentPostprocessing = 0;
		};
/* End PBXCopyFilesBuildPhase section */

/* Begin PBXFileReference section */
		6622692F2C52DD0100E51B69 /* TimeEntryExportFormat.swift */ = {isa = PBXFileReference; lastKnownFileType = sourcecode.swift; path = TimeEntryExportFormat.swift; sourceTree = "<group>"; };
		662294AA2C43DC98005707D1 /* TimeKeen.xctestplan */ = {isa = PBXFileReference; lastKnownFileType = text; path = TimeKeen.xctestplan; sourceTree = "<group>"; };
		662294AB2C43F840005707D1 /* TimeEntryRow.swift */ = {isa = PBXFileReference; lastKnownFileType = sourcecode.swift; path = TimeEntryRow.swift; sourceTree = "<group>"; };
		662294AF2C440196005707D1 /* TimeEntryExtension.swift */ = {isa = PBXFileReference; lastKnownFileType = sourcecode.swift; path = TimeEntryExtension.swift; sourceTree = "<group>"; };
		662294B12C4466B1005707D1 /* TimeEntry.swift */ = {isa = PBXFileReference; lastKnownFileType = sourcecode.swift; path = TimeEntry.swift; sourceTree = "<group>"; };
		662294B82C46874F005707D1 /* PayPeriodList.swift */ = {isa = PBXFileReference; lastKnownFileType = sourcecode.swift; path = PayPeriodList.swift; sourceTree = "<group>"; };
		662294BC2C47E904005707D1 /* PayPeriodDetails.swift */ = {isa = PBXFileReference; lastKnownFileType = sourcecode.swift; path = PayPeriodDetails.swift; sourceTree = "<group>"; };
		662294BE2C4A8554005707D1 /* DailyTimeEntryListSectionHeader.swift */ = {isa = PBXFileReference; lastKnownFileType = sourcecode.swift; path = DailyTimeEntryListSectionHeader.swift; sourceTree = "<group>"; };
		6623FA892D2424A5005BE907 /* DataModel.swift */ = {isa = PBXFileReference; lastKnownFileType = sourcecode.swift; path = DataModel.swift; sourceTree = "<group>"; };
		6623FA8C2D24261F005BE907 /* Assets.xcassets */ = {isa = PBXFileReference; lastKnownFileType = folder.assetcatalog; path = Assets.xcassets; sourceTree = "<group>"; };
		6623FA8D2D24261F005BE907 /* Info.plist */ = {isa = PBXFileReference; lastKnownFileType = text.plist.xml; path = Info.plist; sourceTree = "<group>"; };
		6623FA8E2D24261F005BE907 /* TimeKeenWidgetExtension.swift */ = {isa = PBXFileReference; lastKnownFileType = sourcecode.swift; path = TimeKeenWidgetExtension.swift; sourceTree = "<group>"; };
		6623FA8F2D24261F005BE907 /* TimeKeenWidgetExtensionBundle.swift */ = {isa = PBXFileReference; lastKnownFileType = sourcecode.swift; path = TimeKeenWidgetExtensionBundle.swift; sourceTree = "<group>"; };
		6629125129607279007A5343 /* CurrentTimeEntryView.swift */ = {isa = PBXFileReference; lastKnownFileType = sourcecode.swift; path = CurrentTimeEntryView.swift; sourceTree = "<group>"; };
		662D07442974210B002083F6 /* ContentView.swift */ = {isa = PBXFileReference; lastKnownFileType = sourcecode.swift; path = ContentView.swift; sourceTree = "<group>"; };
		6631C48E2C7609700082D770 /* TimeSheetOnTheClockView.swift */ = {isa = PBXFileReference; lastKnownFileType = sourcecode.swift; path = TimeSheetOnTheClockView.swift; sourceTree = "<group>"; };
		6631C4902C7A7D0A0082D770 /* ColorPalette.swift */ = {isa = PBXFileReference; lastKnownFileType = sourcecode.swift; path = ColorPalette.swift; sourceTree = "<group>"; };
		6631C4932C7B50A70082D770 /* ClockIn.swift */ = {isa = PBXFileReference; lastKnownFileType = sourcecode.swift; path = ClockIn.swift; sourceTree = "<group>"; };
		6631C4952C7D385D0082D770 /* TimeKeenShortcuts.swift */ = {isa = PBXFileReference; lastKnownFileType = sourcecode.swift; path = TimeKeenShortcuts.swift; sourceTree = "<group>"; };
		6631C4972C7ECC3B0082D770 /* ClockOut.swift */ = {isa = PBXFileReference; lastKnownFileType = sourcecode.swift; path = ClockOut.swift; sourceTree = "<group>"; };
		664113222CD646AB0065E014 /* TimeKeenWidgetExtensionExtension.appex */ = {isa = PBXFileReference; explicitFileType = "wrapper.app-extension"; includeInIndex = 0; path = TimeKeenWidgetExtensionExtension.appex; sourceTree = BUILT_PRODUCTS_DIR; };
		664113242CD646AB0065E014 /* WidgetKit.framework */ = {isa = PBXFileReference; lastKnownFileType = wrapper.framework; name = WidgetKit.framework; path = System/Library/Frameworks/WidgetKit.framework; sourceTree = SDKROOT; };
		664113262CD646AB0065E014 /* SwiftUI.framework */ = {isa = PBXFileReference; lastKnownFileType = wrapper.framework; name = SwiftUI.framework; path = System/Library/Frameworks/SwiftUI.framework; sourceTree = SDKROOT; };
		66411CD92C4B003A0050FDFB /* TimeEntryDetails.swift */ = {isa = PBXFileReference; lastKnownFileType = sourcecode.swift; path = TimeEntryDetails.swift; sourceTree = "<group>"; };
		66411CDD2C4D24CD0050FDFB /* BreakEntry.swift */ = {isa = PBXFileReference; lastKnownFileType = sourcecode.swift; path = BreakEntry.swift; sourceTree = "<group>"; };
		66411CE32C4D3FAD0050FDFB /* BreakEntryExtension.swift */ = {isa = PBXFileReference; lastKnownFileType = sourcecode.swift; path = BreakEntryExtension.swift; sourceTree = "<group>"; };
		66411CE52C4E6E7D0050FDFB /* Formatting.swift */ = {isa = PBXFileReference; lastKnownFileType = sourcecode.swift; path = Formatting.swift; sourceTree = "<group>"; };
		66411CE72C4E907B0050FDFB /* UserDefaultsExtension.swift */ = {isa = PBXFileReference; lastKnownFileType = sourcecode.swift; path = UserDefaultsExtension.swift; sourceTree = "<group>"; };
		66411CED2C4EDE4D0050FDFB /* IntervalDatePicker.swift */ = {isa = PBXFileReference; lastKnownFileType = sourcecode.swift; path = IntervalDatePicker.swift; sourceTree = "<group>"; };
		66411CEF2C4F56B50050FDFB /* PayPeriodSchedule.swift */ = {isa = PBXFileReference; lastKnownFileType = sourcecode.swift; path = PayPeriodSchedule.swift; sourceTree = "<group>"; };
		66411CF12C4FBE6A0050FDFB /* DateExtension.swift */ = {isa = PBXFileReference; lastKnownFileType = sourcecode.swift; path = DateExtension.swift; sourceTree = "<group>"; };
		66411CF32C4FC0790050FDFB /* PayPeriodGrouping.swift */ = {isa = PBXFileReference; lastKnownFileType = sourcecode.swift; path = PayPeriodGrouping.swift; sourceTree = "<group>"; };
		66411CFA2C5134490050FDFB /* Localizable.xcstrings */ = {isa = PBXFileReference; lastKnownFileType = text.json.xcstrings; path = Localizable.xcstrings; sourceTree = "<group>"; };
		665E7E562C5A76C600E8C43F /* CalendarExtension.swift */ = {isa = PBXFileReference; lastKnownFileType = sourcecode.swift; path = CalendarExtension.swift; sourceTree = "<group>"; };
		665E7E582C5EB95000E8C43F /* TimeKeen.entitlements */ = {isa = PBXFileReference; lastKnownFileType = text.plist.entitlements; path = TimeKeen.entitlements; sourceTree = "<group>"; };
		665E7E592C5EBB8400E8C43F /* SharedData.swift */ = {isa = PBXFileReference; lastKnownFileType = sourcecode.swift; path = SharedData.swift; sourceTree = "<group>"; };
		6671203F2C714DCC0017811E /* PayPeriodRow.swift */ = {isa = PBXFileReference; lastKnownFileType = sourcecode.swift; path = PayPeriodRow.swift; sourceTree = "<group>"; };
		667120412C714EF60017811E /* PayPeriodSettingsSheet.swift */ = {isa = PBXFileReference; lastKnownFileType = sourcecode.swift; path = PayPeriodSettingsSheet.swift; sourceTree = "<group>"; };
		667120432C71FD460017811E /* TimeEntryCsvExport.swift */ = {isa = PBXFileReference; lastKnownFileType = sourcecode.swift; path = TimeEntryCsvExport.swift; sourceTree = "<group>"; };
		667120452C71FD820017811E /* TimeEntryJsonExport.swift */ = {isa = PBXFileReference; lastKnownFileType = sourcecode.swift; path = TimeEntryJsonExport.swift; sourceTree = "<group>"; };
		667120472C729D630017811E /* PayPeriodSettingsView.swift */ = {isa = PBXFileReference; lastKnownFileType = sourcecode.swift; path = PayPeriodSettingsView.swift; sourceTree = "<group>"; };
		667120492C744CB10017811E /* TimeClockButton.swift */ = {isa = PBXFileReference; lastKnownFileType = sourcecode.swift; path = TimeClockButton.swift; sourceTree = "<group>"; };
		668248F62CDF97140063EB33 /* TimeKeenWidgetExtensionExtension.entitlements */ = {isa = PBXFileReference; lastKnownFileType = text.plist.entitlements; path = TimeKeenWidgetExtensionExtension.entitlements; sourceTree = "<group>"; };
		6687E7A62C89C44900D03D4A /* Previewing.swift */ = {isa = PBXFileReference; lastKnownFileType = sourcecode.swift; path = Previewing.swift; sourceTree = "<group>"; };
		6693596729606A3900DEDD35 /* TimeKeen.app */ = {isa = PBXFileReference; explicitFileType = wrapper.application; includeInIndex = 0; path = TimeKeen.app; sourceTree = BUILT_PRODUCTS_DIR; };
		6693596A29606A3900DEDD35 /* TimeKeenApp.swift */ = {isa = PBXFileReference; lastKnownFileType = sourcecode.swift; path = TimeKeenApp.swift; sourceTree = "<group>"; };
		6693596E29606A3A00DEDD35 /* Assets.xcassets */ = {isa = PBXFileReference; lastKnownFileType = folder.assetcatalog; path = Assets.xcassets; sourceTree = "<group>"; };
		6693597129606A3A00DEDD35 /* Preview Assets.xcassets */ = {isa = PBXFileReference; lastKnownFileType = folder.assetcatalog; path = "Preview Assets.xcassets"; sourceTree = "<group>"; };
		6693597829606A3A00DEDD35 /* Info.plist */ = {isa = PBXFileReference; lastKnownFileType = text.plist.xml; path = Info.plist; sourceTree = "<group>"; };
		6693597D29606A3A00DEDD35 /* TimeKeenTests.xctest */ = {isa = PBXFileReference; explicitFileType = wrapper.cfbundle; includeInIndex = 0; path = TimeKeenTests.xctest; sourceTree = BUILT_PRODUCTS_DIR; };
		6693598129606A3A00DEDD35 /* TimeKeenTests.swift */ = {isa = PBXFileReference; lastKnownFileType = sourcecode.swift; path = TimeKeenTests.swift; sourceTree = "<group>"; };
		6693598729606A3A00DEDD35 /* TimeKeenUITests.xctest */ = {isa = PBXFileReference; explicitFileType = wrapper.cfbundle; includeInIndex = 0; path = TimeKeenUITests.xctest; sourceTree = BUILT_PRODUCTS_DIR; };
		6693598B29606A3A00DEDD35 /* TimeKeenUITests.swift */ = {isa = PBXFileReference; lastKnownFileType = sourcecode.swift; path = TimeKeenUITests.swift; sourceTree = "<group>"; };
		6693598D29606A3A00DEDD35 /* TimeKeenUITestsLaunchTests.swift */ = {isa = PBXFileReference; lastKnownFileType = sourcecode.swift; path = TimeKeenUITestsLaunchTests.swift; sourceTree = "<group>"; };
		669393E32986B2BD00CC661C /* ClockInState.swift */ = {isa = PBXFileReference; lastKnownFileType = sourcecode.swift; path = ClockInState.swift; sourceTree = "<group>"; };
		66ADA40A2C5271F6002E6185 /* TimeEntrySharingView.swift */ = {isa = PBXFileReference; lastKnownFileType = sourcecode.swift; path = TimeEntrySharingView.swift; sourceTree = "<group>"; };
		66B1D8112C60D0460015BD48 /* PrivacyInfo.xcprivacy */ = {isa = PBXFileReference; lastKnownFileType = text.xml; path = PrivacyInfo.xcprivacy; sourceTree = "<group>"; };
		66B1D8132C6783F90015BD48 /* Store.storekit */ = {isa = PBXFileReference; lastKnownFileType = text; path = Store.storekit; sourceTree = "<group>"; };
		66B1D8142C6AA0210015BD48 /* TipStoreView.swift */ = {isa = PBXFileReference; lastKnownFileType = sourcecode.swift; path = TipStoreView.swift; sourceTree = "<group>"; };
		66B1D8162C7058760015BD48 /* ArrayExtension.swift */ = {isa = PBXFileReference; lastKnownFileType = sourcecode.swift; path = ArrayExtension.swift; sourceTree = "<group>"; };
		66B1D81B2C70B3DB0015BD48 /* PayPeriod.swift */ = {isa = PBXFileReference; lastKnownFileType = sourcecode.swift; path = PayPeriod.swift; sourceTree = "<group>"; };
		66CBF2032C8BF95C002DB7B9 /* SnapshotHelper.swift */ = {isa = PBXFileReference; fileEncoding = 4; lastKnownFileType = sourcecode.swift; path = SnapshotHelper.swift; sourceTree = "<group>"; };
		66CBF2112C8BFA3B002DB7B9 /* TimeKeenUISnapshots.xctest */ = {isa = PBXFileReference; explicitFileType = wrapper.cfbundle; includeInIndex = 0; path = TimeKeenUISnapshots.xctest; sourceTree = BUILT_PRODUCTS_DIR; };
		66CBF2132C8BFB08002DB7B9 /* TimeKeenUISnapshots.swift */ = {isa = PBXFileReference; lastKnownFileType = sourcecode.swift; path = TimeKeenUISnapshots.swift; sourceTree = "<group>"; };
		66D2C5A52C8C54D4004C145D /* DateProvider.swift */ = {isa = PBXFileReference; lastKnownFileType = sourcecode.swift; path = DateProvider.swift; sourceTree = "<group>"; };
		66D2C5A72C8C550A004C145D /* QuickActionProvider.swift */ = {isa = PBXFileReference; lastKnownFileType = sourcecode.swift; path = QuickActionProvider.swift; sourceTree = "<group>"; };
/* End PBXFileReference section */

/* Begin PBXFrameworksBuildPhase section */
		6641131F2CD646AB0065E014 /* Frameworks */ = {
			isa = PBXFrameworksBuildPhase;
			buildActionMask = 2147483647;
			files = (
				664113272CD646AB0065E014 /* SwiftUI.framework in Frameworks */,
				664113252CD646AB0065E014 /* WidgetKit.framework in Frameworks */,
			);
			runOnlyForDeploymentPostprocessing = 0;
		};
		6693596429606A3900DEDD35 /* Frameworks */ = {
			isa = PBXFrameworksBuildPhase;
			buildActionMask = 2147483647;
			files = (
			);
			runOnlyForDeploymentPostprocessing = 0;
		};
		6693597A29606A3A00DEDD35 /* Frameworks */ = {
			isa = PBXFrameworksBuildPhase;
			buildActionMask = 2147483647;
			files = (
			);
			runOnlyForDeploymentPostprocessing = 0;
		};
		6693598429606A3A00DEDD35 /* Frameworks */ = {
			isa = PBXFrameworksBuildPhase;
			buildActionMask = 2147483647;
			files = (
			);
			runOnlyForDeploymentPostprocessing = 0;
		};
		66CBF20C2C8BFA3B002DB7B9 /* Frameworks */ = {
			isa = PBXFrameworksBuildPhase;
			buildActionMask = 2147483647;
			files = (
			);
			runOnlyForDeploymentPostprocessing = 0;
		};
/* End PBXFrameworksBuildPhase section */

/* Begin PBXGroup section */
		6611F1B22961D22A0089B49B /* Views */ = {
			isa = PBXGroup;
			children = (
				662D07442974210B002083F6 /* ContentView.swift */,
				6611F1B62961E9320089B49B /* CurrentTimeEntry */,
				66411CED2C4EDE4D0050FDFB /* IntervalDatePicker.swift */,
				669393E52990641100CC661C /* PayPeriods */,
			);
			path = Views;
			sourceTree = "<group>";
		};
		6611F1B62961E9320089B49B /* CurrentTimeEntry */ = {
			isa = PBXGroup;
			children = (
				6629125129607279007A5343 /* CurrentTimeEntryView.swift */,
				667120492C744CB10017811E /* TimeClockButton.swift */,
				6631C48E2C7609700082D770 /* TimeSheetOnTheClockView.swift */,
			);
			path = CurrentTimeEntry;
			sourceTree = "<group>";
		};
		6623FA882D242470005BE907 /* Shared */ = {
			isa = PBXGroup;
			children = (
				6623FA892D2424A5005BE907 /* DataModel.swift */,
				66B1D8162C7058760015BD48 /* ArrayExtension.swift */,
				66411CDD2C4D24CD0050FDFB /* BreakEntry.swift */,
				66411CE32C4D3FAD0050FDFB /* BreakEntryExtension.swift */,
				665E7E562C5A76C600E8C43F /* CalendarExtension.swift */,
				66411CF12C4FBE6A0050FDFB /* DateExtension.swift */,
				66411CE52C4E6E7D0050FDFB /* Formatting.swift */,
				66B1D81B2C70B3DB0015BD48 /* PayPeriod.swift */,
				66411CEF2C4F56B50050FDFB /* PayPeriodSchedule.swift */,
				665E7E592C5EBB8400E8C43F /* SharedData.swift */,
				662294B12C4466B1005707D1 /* TimeEntry.swift */,
				662294AF2C440196005707D1 /* TimeEntryExtension.swift */,
				66411CE72C4E907B0050FDFB /* UserDefaultsExtension.swift */,
				66D2C5A52C8C54D4004C145D /* DateProvider.swift */,
				66D2C5A72C8C550A004C145D /* QuickActionProvider.swift */,
				6631C4902C7A7D0A0082D770 /* ColorPalette.swift */,
				66411CF32C4FC0790050FDFB /* PayPeriodGrouping.swift */,
				669393E32986B2BD00CC661C /* ClockInState.swift */,
			);
			path = Shared;
			sourceTree = "<group>";
		};
		6623FA902D24261F005BE907 /* TimeKeenWidgetExtension */ = {
			isa = PBXGroup;
			children = (
				6623FA8C2D24261F005BE907 /* Assets.xcassets */,
				6623FA8D2D24261F005BE907 /* Info.plist */,
				6623FA8E2D24261F005BE907 /* TimeKeenWidgetExtension.swift */,
				6623FA8F2D24261F005BE907 /* TimeKeenWidgetExtensionBundle.swift */,
			);
			path = TimeKeenWidgetExtension;
			sourceTree = "<group>";
		};
		6631C4922C7B50830082D770 /* App Intents */ = {
			isa = PBXGroup;
			children = (
				6631C4932C7B50A70082D770 /* ClockIn.swift */,
				6631C4972C7ECC3B0082D770 /* ClockOut.swift */,
				6631C4952C7D385D0082D770 /* TimeKeenShortcuts.swift */,
			);
			path = "App Intents";
			sourceTree = "<group>";
		};
		664113232CD646AB0065E014 /* Frameworks */ = {
			isa = PBXGroup;
			children = (
				664113242CD646AB0065E014 /* WidgetKit.framework */,
				664113262CD646AB0065E014 /* SwiftUI.framework */,
			);
			name = Frameworks;
			sourceTree = "<group>";
		};
		6693595E29606A3900DEDD35 = {
			isa = PBXGroup;
			children = (
				6623FA882D242470005BE907 /* Shared */,
				668248F62CDF97140063EB33 /* TimeKeenWidgetExtensionExtension.entitlements */,
				66CBF2122C8BFAF0002DB7B9 /* TimeKeenUISnapshots */,
				662294AA2C43DC98005707D1 /* TimeKeen.xctestplan */,
				6693596929606A3900DEDD35 /* TimeKeen */,
				6693598029606A3A00DEDD35 /* TimeKeenTests */,
				6693598A29606A3A00DEDD35 /* TimeKeenUITests */,
				6623FA902D24261F005BE907 /* TimeKeenWidgetExtension */,
				664113232CD646AB0065E014 /* Frameworks */,
				6693596829606A3900DEDD35 /* Products */,
			);
			sourceTree = "<group>";
			tabWidth = 4;
		};
		6693596829606A3900DEDD35 /* Products */ = {
			isa = PBXGroup;
			children = (
				6693596729606A3900DEDD35 /* TimeKeen.app */,
				6693597D29606A3A00DEDD35 /* TimeKeenTests.xctest */,
				6693598729606A3A00DEDD35 /* TimeKeenUITests.xctest */,
				66CBF2112C8BFA3B002DB7B9 /* TimeKeenUISnapshots.xctest */,
				664113222CD646AB0065E014 /* TimeKeenWidgetExtensionExtension.appex */,
			);
			name = Products;
			sourceTree = "<group>";
		};
		6693596929606A3900DEDD35 /* TimeKeen */ = {
			isa = PBXGroup;
			children = (
				6631C4922C7B50830082D770 /* App Intents */,
				6693596E29606A3A00DEDD35 /* Assets.xcassets */,
				6693597829606A3A00DEDD35 /* Info.plist */,
				66411CFA2C5134490050FDFB /* Localizable.xcstrings */,
				6693597029606A3A00DEDD35 /* Preview Content */,
				66B1D8112C60D0460015BD48 /* PrivacyInfo.xcprivacy */,
				66B1D8132C6783F90015BD48 /* Store.storekit */,
				665E7E582C5EB95000E8C43F /* TimeKeen.entitlements */,
				6693596A29606A3900DEDD35 /* TimeKeenApp.swift */,
				6611F1B22961D22A0089B49B /* Views */,
				6687E7A62C89C44900D03D4A /* Previewing.swift */,
			);
			path = TimeKeen;
			sourceTree = "<group>";
		};
		6693597029606A3A00DEDD35 /* Preview Content */ = {
			isa = PBXGroup;
			children = (
				6693597129606A3A00DEDD35 /* Preview Assets.xcassets */,
			);
			path = "Preview Content";
			sourceTree = "<group>";
		};
		6693598029606A3A00DEDD35 /* TimeKeenTests */ = {
			isa = PBXGroup;
			children = (
				6693598129606A3A00DEDD35 /* TimeKeenTests.swift */,
			);
			path = TimeKeenTests;
			sourceTree = "<group>";
		};
		6693598A29606A3A00DEDD35 /* TimeKeenUITests */ = {
			isa = PBXGroup;
			children = (
				6693598B29606A3A00DEDD35 /* TimeKeenUITests.swift */,
				6693598D29606A3A00DEDD35 /* TimeKeenUITestsLaunchTests.swift */,
			);
			path = TimeKeenUITests;
			sourceTree = "<group>";
		};
		669393E52990641100CC661C /* PayPeriods */ = {
			isa = PBXGroup;
			children = (
				662294BE2C4A8554005707D1 /* DailyTimeEntryListSectionHeader.swift */,
				662294BC2C47E904005707D1 /* PayPeriodDetails.swift */,
				662294B82C46874F005707D1 /* PayPeriodList.swift */,
				6671203F2C714DCC0017811E /* PayPeriodRow.swift */,
				667120412C714EF60017811E /* PayPeriodSettingsSheet.swift */,
				667120472C729D630017811E /* PayPeriodSettingsView.swift */,
				667120432C71FD460017811E /* TimeEntryCsvExport.swift */,
				66411CD92C4B003A0050FDFB /* TimeEntryDetails.swift */,
				6622692F2C52DD0100E51B69 /* TimeEntryExportFormat.swift */,
				667120452C71FD820017811E /* TimeEntryJsonExport.swift */,
				662294AB2C43F840005707D1 /* TimeEntryRow.swift */,
				66ADA40A2C5271F6002E6185 /* TimeEntrySharingView.swift */,
				66B1D8142C6AA0210015BD48 /* TipStoreView.swift */,
			);
			path = PayPeriods;
			sourceTree = "<group>";
		};
		66CBF2122C8BFAF0002DB7B9 /* TimeKeenUISnapshots */ = {
			isa = PBXGroup;
			children = (
				66CBF2032C8BF95C002DB7B9 /* SnapshotHelper.swift */,
				66CBF2132C8BFB08002DB7B9 /* TimeKeenUISnapshots.swift */,
			);
			path = TimeKeenUISnapshots;
			sourceTree = "<group>";
		};
/* End PBXGroup section */

/* Begin PBXNativeTarget section */
		664113212CD646AB0065E014 /* TimeKeenWidgetExtensionExtension */ = {
			isa = PBXNativeTarget;
			buildConfigurationList = 664113372CD646AC0065E014 /* Build configuration list for PBXNativeTarget "TimeKeenWidgetExtensionExtension" */;
			buildPhases = (
				6641131E2CD646AB0065E014 /* Sources */,
				6641131F2CD646AB0065E014 /* Frameworks */,
				664113202CD646AB0065E014 /* Resources */,
			);
			buildRules = (
			);
			dependencies = (
			);
			name = TimeKeenWidgetExtensionExtension;
			packageProductDependencies = (
			);
			productName = TimeKeenWidgetExtensionExtension;
			productReference = 664113222CD646AB0065E014 /* TimeKeenWidgetExtensionExtension.appex */;
			productType = "com.apple.product-type.app-extension";
		};
		6693596629606A3900DEDD35 /* TimeKeen */ = {
			isa = PBXNativeTarget;
			buildConfigurationList = 6693599129606A3A00DEDD35 /* Build configuration list for PBXNativeTarget "TimeKeen" */;
			buildPhases = (
				6693596329606A3900DEDD35 /* Sources */,
				6693596429606A3900DEDD35 /* Frameworks */,
				6693596529606A3900DEDD35 /* Resources */,
				664113332CD646AC0065E014 /* Embed Foundation Extensions */,
			);
			buildRules = (
			);
			dependencies = (
				664113312CD646AC0065E014 /* PBXTargetDependency */,
			);
			name = TimeKeen;
			packageProductDependencies = (
			);
			productName = TimeKeen;
			productReference = 6693596729606A3900DEDD35 /* TimeKeen.app */;
			productType = "com.apple.product-type.application";
		};
		6693597C29606A3A00DEDD35 /* TimeKeenTests */ = {
			isa = PBXNativeTarget;
			buildConfigurationList = 6693599429606A3A00DEDD35 /* Build configuration list for PBXNativeTarget "TimeKeenTests" */;
			buildPhases = (
				6693597929606A3A00DEDD35 /* Sources */,
				6693597A29606A3A00DEDD35 /* Frameworks */,
				6693597B29606A3A00DEDD35 /* Resources */,
			);
			buildRules = (
			);
			dependencies = (
				6693597F29606A3A00DEDD35 /* PBXTargetDependency */,
			);
			name = TimeKeenTests;
			productName = TimeKeenTests;
			productReference = 6693597D29606A3A00DEDD35 /* TimeKeenTests.xctest */;
			productType = "com.apple.product-type.bundle.unit-test";
		};
		6693598629606A3A00DEDD35 /* TimeKeenUITests */ = {
			isa = PBXNativeTarget;
			buildConfigurationList = 6693599729606A3A00DEDD35 /* Build configuration list for PBXNativeTarget "TimeKeenUITests" */;
			buildPhases = (
				6693598329606A3A00DEDD35 /* Sources */,
				6693598429606A3A00DEDD35 /* Frameworks */,
				6693598529606A3A00DEDD35 /* Resources */,
			);
			buildRules = (
			);
			dependencies = (
				6693598929606A3A00DEDD35 /* PBXTargetDependency */,
			);
			name = TimeKeenUITests;
			productName = TimeKeenUITests;
			productReference = 6693598729606A3A00DEDD35 /* TimeKeenUITests.xctest */;
			productType = "com.apple.product-type.bundle.ui-testing";
		};
		66CBF2052C8BFA3B002DB7B9 /* TimeKeenUISnapshots */ = {
			isa = PBXNativeTarget;
			buildConfigurationList = 66CBF20E2C8BFA3B002DB7B9 /* Build configuration list for PBXNativeTarget "TimeKeenUISnapshots" */;
			buildPhases = (
				66CBF2082C8BFA3B002DB7B9 /* Sources */,
				66CBF20C2C8BFA3B002DB7B9 /* Frameworks */,
				66CBF20D2C8BFA3B002DB7B9 /* Resources */,
			);
			buildRules = (
			);
			dependencies = (
				66CBF2062C8BFA3B002DB7B9 /* PBXTargetDependency */,
			);
			name = TimeKeenUISnapshots;
			productName = TimeKeenUITests;
			productReference = 66CBF2112C8BFA3B002DB7B9 /* TimeKeenUISnapshots.xctest */;
			productType = "com.apple.product-type.bundle.ui-testing";
		};
/* End PBXNativeTarget section */

/* Begin PBXProject section */
		6693595F29606A3900DEDD35 /* Project object */ = {
			isa = PBXProject;
			attributes = {
				BuildIndependentTargetsInParallel = 1;
				LastSwiftUpdateCheck = 1610;
				LastUpgradeCheck = 1600;
				TargetAttributes = {
					664113212CD646AB0065E014 = {
						CreatedOnToolsVersion = 16.1;
					};
					6693596629606A3900DEDD35 = {
						CreatedOnToolsVersion = 14.2;
					};
					6693597C29606A3A00DEDD35 = {
						CreatedOnToolsVersion = 14.2;
						TestTargetID = 6693596629606A3900DEDD35;
					};
					6693598629606A3A00DEDD35 = {
						CreatedOnToolsVersion = 14.2;
						TestTargetID = 6693596629606A3900DEDD35;
					};
				};
			};
			buildConfigurationList = 6693596229606A3900DEDD35 /* Build configuration list for PBXProject "TimeKeen" */;
			compatibilityVersion = "Xcode 14.0";
			developmentRegion = en;
			hasScannedForEncodings = 0;
			knownRegions = (
				en,
				Base,
				fr,
			);
			mainGroup = 6693595E29606A3900DEDD35;
			packageReferences = (
			);
			productRefGroup = 6693596829606A3900DEDD35 /* Products */;
			projectDirPath = "";
			projectRoot = "";
			targets = (
				6693596629606A3900DEDD35 /* TimeKeen */,
				6693597C29606A3A00DEDD35 /* TimeKeenTests */,
				6693598629606A3A00DEDD35 /* TimeKeenUITests */,
				66CBF2052C8BFA3B002DB7B9 /* TimeKeenUISnapshots */,
				664113212CD646AB0065E014 /* TimeKeenWidgetExtensionExtension */,
			);
		};
/* End PBXProject section */

/* Begin PBXResourcesBuildPhase section */
		664113202CD646AB0065E014 /* Resources */ = {
			isa = PBXResourcesBuildPhase;
			buildActionMask = 2147483647;
			files = (
				6623FA932D24261F005BE907 /* Assets.xcassets in Resources */,
			);
			runOnlyForDeploymentPostprocessing = 0;
		};
		6693596529606A3900DEDD35 /* Resources */ = {
			isa = PBXResourcesBuildPhase;
			buildActionMask = 2147483647;
			files = (
				6693597229606A3A00DEDD35 /* Preview Assets.xcassets in Resources */,
				6693596F29606A3A00DEDD35 /* Assets.xcassets in Resources */,
				66B1D8122C60D0460015BD48 /* PrivacyInfo.xcprivacy in Resources */,
				66411CFB2C5134490050FDFB /* Localizable.xcstrings in Resources */,
			);
			runOnlyForDeploymentPostprocessing = 0;
		};
		6693597B29606A3A00DEDD35 /* Resources */ = {
			isa = PBXResourcesBuildPhase;
			buildActionMask = 2147483647;
			files = (
			);
			runOnlyForDeploymentPostprocessing = 0;
		};
		6693598529606A3A00DEDD35 /* Resources */ = {
			isa = PBXResourcesBuildPhase;
			buildActionMask = 2147483647;
			files = (
			);
			runOnlyForDeploymentPostprocessing = 0;
		};
		66CBF20D2C8BFA3B002DB7B9 /* Resources */ = {
			isa = PBXResourcesBuildPhase;
			buildActionMask = 2147483647;
			files = (
			);
			runOnlyForDeploymentPostprocessing = 0;
		};
/* End PBXResourcesBuildPhase section */

/* Begin PBXSourcesBuildPhase section */
		6641131E2CD646AB0065E014 /* Sources */ = {
			isa = PBXSourcesBuildPhase;
			buildActionMask = 2147483647;
			files = (
				6641133E2CD64DF60065E014 /* Formatting.swift in Sources */,
				664113412CD64E620065E014 /* DateExtension.swift in Sources */,
				6641133C2CD64DD60065E014 /* BreakEntry.swift in Sources */,
				667EE8152D1AE05000BE3614 /* TimeEntryExtension.swift in Sources */,
				667EE8142D1ADA2500BE3614 /* PayPeriod.swift in Sources */,
				664113442CD7A1F90065E014 /* QuickActionProvider.swift in Sources */,
				6641133D2CD64DE50065E014 /* UserDefaultsExtension.swift in Sources */,
				664113432CD64E840065E014 /* TimeEntry.swift in Sources */,
				664113382CD64D860065E014 /* ClockIn.swift in Sources */,
				664113392CD64DAA0065E014 /* DateProvider.swift in Sources */,
				668248F72CE0D5610063EB33 /* BreakEntryExtension.swift in Sources */,
				66984B562D187658006C0886 /* PayPeriodGrouping.swift in Sources */,
				6623FA8B2D242614005BE907 /* DataModel.swift in Sources */,
				664113402CD64E1B0065E014 /* PayPeriodSchedule.swift in Sources */,
				6623FA912D24261F005BE907 /* TimeKeenWidgetExtension.swift in Sources */,
				6623FA922D24261F005BE907 /* TimeKeenWidgetExtensionBundle.swift in Sources */,
				6641133B2CD64DC90065E014 /* ClockInState.swift in Sources */,
				6641133A2CD64DBD0065E014 /* SharedData.swift in Sources */,
				667EE8162D1AEDE600BE3614 /* ColorPalette.swift in Sources */,
				6641133F2CD64E020065E014 /* CalendarExtension.swift in Sources */,
				664113422CD64E750065E014 /* ArrayExtension.swift in Sources */,
			);
			runOnlyForDeploymentPostprocessing = 0;
		};
		6693596329606A3900DEDD35 /* Sources */ = {
			isa = PBXSourcesBuildPhase;
			buildActionMask = 2147483647;
			files = (
				665E7E5A2C5EBB8400E8C43F /* SharedData.swift in Sources */,
				6631C48F2C7609700082D770 /* TimeSheetOnTheClockView.swift in Sources */,
				66411CEE2C4EDE4D0050FDFB /* IntervalDatePicker.swift in Sources */,
				66ADA40B2C5271F6002E6185 /* TimeEntrySharingView.swift in Sources */,
				662294BD2C47E904005707D1 /* PayPeriodDetails.swift in Sources */,
				66411CE62C4E6E7D0050FDFB /* Formatting.swift in Sources */,
				66411CE42C4D3FAD0050FDFB /* BreakEntryExtension.swift in Sources */,
				6631C4962C7D385D0082D770 /* TimeKeenShortcuts.swift in Sources */,
				66411CDE2C4D24CD0050FDFB /* BreakEntry.swift in Sources */,
				66411CF22C4FBE6A0050FDFB /* DateExtension.swift in Sources */,
				667120482C729D630017811E /* PayPeriodSettingsView.swift in Sources */,
				66B1D81C2C70B3DB0015BD48 /* PayPeriod.swift in Sources */,
				6631C4912C7A7D0A0082D770 /* ColorPalette.swift in Sources */,
				66D2C5A62C8C54D4004C145D /* DateProvider.swift in Sources */,
				66411CF02C4F56B50050FDFB /* PayPeriodSchedule.swift in Sources */,
				66411CDA2C4B003A0050FDFB /* TimeEntryDetails.swift in Sources */,
				662269302C52DD0100E51B69 /* TimeEntryExportFormat.swift in Sources */,
				6623FA8A2D2424A5005BE907 /* DataModel.swift in Sources */,
				662D07452974210B002083F6 /* ContentView.swift in Sources */,
				66D2C5A82C8C550A004C145D /* QuickActionProvider.swift in Sources */,
				667120462C71FD820017811E /* TimeEntryJsonExport.swift in Sources */,
				662294B22C4466B1005707D1 /* TimeEntry.swift in Sources */,
				667120422C714EF60017811E /* PayPeriodSettingsSheet.swift in Sources */,
				66B1D8152C6AA0210015BD48 /* TipStoreView.swift in Sources */,
				662294B92C46874F005707D1 /* PayPeriodList.swift in Sources */,
				662294BF2C4A8554005707D1 /* DailyTimeEntryListSectionHeader.swift in Sources */,
				6631C4942C7B50A70082D770 /* ClockIn.swift in Sources */,
				6629125229607279007A5343 /* CurrentTimeEntryView.swift in Sources */,
				669393E42986B2BD00CC661C /* ClockInState.swift in Sources */,
				6693596B29606A3900DEDD35 /* TimeKeenApp.swift in Sources */,
				66411CF42C4FC0790050FDFB /* PayPeriodGrouping.swift in Sources */,
				6671204A2C744CB10017811E /* TimeClockButton.swift in Sources */,
				667120442C71FD460017811E /* TimeEntryCsvExport.swift in Sources */,
				66B1D8172C7058760015BD48 /* ArrayExtension.swift in Sources */,
				665E7E572C5A76C600E8C43F /* CalendarExtension.swift in Sources */,
				662294AC2C43F840005707D1 /* TimeEntryRow.swift in Sources */,
				6631C4982C7ECC3B0082D770 /* ClockOut.swift in Sources */,
				66411CE82C4E907B0050FDFB /* UserDefaultsExtension.swift in Sources */,
				667120402C714DCC0017811E /* PayPeriodRow.swift in Sources */,
				662294B02C440196005707D1 /* TimeEntryExtension.swift in Sources */,
				6687E7A72C89C44900D03D4A /* Previewing.swift in Sources */,
			);
			runOnlyForDeploymentPostprocessing = 0;
		};
		6693597929606A3A00DEDD35 /* Sources */ = {
			isa = PBXSourcesBuildPhase;
			buildActionMask = 2147483647;
			files = (
				6693598229606A3A00DEDD35 /* TimeKeenTests.swift in Sources */,
			);
			runOnlyForDeploymentPostprocessing = 0;
		};
		6693598329606A3A00DEDD35 /* Sources */ = {
			isa = PBXSourcesBuildPhase;
			buildActionMask = 2147483647;
			files = (
				6693598E29606A3A00DEDD35 /* TimeKeenUITestsLaunchTests.swift in Sources */,
				6693598C29606A3A00DEDD35 /* TimeKeenUITests.swift in Sources */,
			);
			runOnlyForDeploymentPostprocessing = 0;
		};
		66CBF2082C8BFA3B002DB7B9 /* Sources */ = {
			isa = PBXSourcesBuildPhase;
			buildActionMask = 2147483647;
			files = (
				664E89842CB2A3A80061171C /* Formatting.swift in Sources */,
				66CBF20B2C8BFA3B002DB7B9 /* SnapshotHelper.swift in Sources */,
				66CBF2142C8BFB08002DB7B9 /* TimeKeenUISnapshots.swift in Sources */,
			);
			runOnlyForDeploymentPostprocessing = 0;
		};
/* End PBXSourcesBuildPhase section */

/* Begin PBXTargetDependency section */
		664113312CD646AC0065E014 /* PBXTargetDependency */ = {
			isa = PBXTargetDependency;
			target = 664113212CD646AB0065E014 /* TimeKeenWidgetExtensionExtension */;
			targetProxy = 664113302CD646AC0065E014 /* PBXContainerItemProxy */;
		};
		6693597F29606A3A00DEDD35 /* PBXTargetDependency */ = {
			isa = PBXTargetDependency;
			target = 6693596629606A3900DEDD35 /* TimeKeen */;
			targetProxy = 6693597E29606A3A00DEDD35 /* PBXContainerItemProxy */;
		};
		6693598929606A3A00DEDD35 /* PBXTargetDependency */ = {
			isa = PBXTargetDependency;
			target = 6693596629606A3900DEDD35 /* TimeKeen */;
			targetProxy = 6693598829606A3A00DEDD35 /* PBXContainerItemProxy */;
		};
		66CBF2062C8BFA3B002DB7B9 /* PBXTargetDependency */ = {
			isa = PBXTargetDependency;
			target = 6693596629606A3900DEDD35 /* TimeKeen */;
			targetProxy = 66CBF2072C8BFA3B002DB7B9 /* PBXContainerItemProxy */;
		};
/* End PBXTargetDependency section */

/* Begin XCBuildConfiguration section */
		664113342CD646AC0065E014 /* Debug */ = {
			isa = XCBuildConfiguration;
			buildSettings = {
				ASSETCATALOG_COMPILER_GLOBAL_ACCENT_COLOR_NAME = AccentColor;
				ASSETCATALOG_COMPILER_WIDGET_BACKGROUND_COLOR_NAME = WidgetBackground;
				CODE_SIGN_ENTITLEMENTS = TimeKeenWidgetExtensionExtension.entitlements;
				CODE_SIGN_STYLE = Automatic;
				CURRENT_PROJECT_VERSION = 1;
				DEVELOPMENT_TEAM = A2M6WJ4ZXF;
				GCC_C_LANGUAGE_STANDARD = gnu17;
				GENERATE_INFOPLIST_FILE = YES;
				INFOPLIST_FILE = TimeKeenWidgetExtension/Info.plist;
				INFOPLIST_KEY_CFBundleDisplayName = TimeKeenWidgetExtension;
				INFOPLIST_KEY_NSHumanReadableCopyright = "";
				IPHONEOS_DEPLOYMENT_TARGET = 18.1;
				LD_RUNPATH_SEARCH_PATHS = (
					"$(inherited)",
					"@executable_path/Frameworks",
					"@executable_path/../../Frameworks",
				);
				LOCALIZATION_PREFERS_STRING_CATALOGS = YES;
				MARKETING_VERSION = 1.0;
				PRODUCT_BUNDLE_IDENTIFIER = com.timekeen.TimeKeen.TimeKeenWidgetExtension;
				PRODUCT_NAME = "$(TARGET_NAME)";
				SKIP_INSTALL = YES;
				SWIFT_ACTIVE_COMPILATION_CONDITIONS = "DEBUG $(inherited)";
				SWIFT_EMIT_LOC_STRINGS = YES;
				SWIFT_VERSION = 5.0;
				TARGETED_DEVICE_FAMILY = "1,2";
			};
			name = Debug;
		};
		664113352CD646AC0065E014 /* Release */ = {
			isa = XCBuildConfiguration;
			buildSettings = {
				ASSETCATALOG_COMPILER_GLOBAL_ACCENT_COLOR_NAME = AccentColor;
				ASSETCATALOG_COMPILER_WIDGET_BACKGROUND_COLOR_NAME = WidgetBackground;
				CODE_SIGN_ENTITLEMENTS = TimeKeenWidgetExtensionExtension.entitlements;
				CODE_SIGN_STYLE = Automatic;
				CURRENT_PROJECT_VERSION = 1;
				DEVELOPMENT_TEAM = A2M6WJ4ZXF;
				GCC_C_LANGUAGE_STANDARD = gnu17;
				GENERATE_INFOPLIST_FILE = YES;
				INFOPLIST_FILE = TimeKeenWidgetExtension/Info.plist;
				INFOPLIST_KEY_CFBundleDisplayName = TimeKeenWidgetExtension;
				INFOPLIST_KEY_NSHumanReadableCopyright = "";
				IPHONEOS_DEPLOYMENT_TARGET = 18.1;
				LD_RUNPATH_SEARCH_PATHS = (
					"$(inherited)",
					"@executable_path/Frameworks",
					"@executable_path/../../Frameworks",
				);
				LOCALIZATION_PREFERS_STRING_CATALOGS = YES;
				MARKETING_VERSION = 1.0;
				PRODUCT_BUNDLE_IDENTIFIER = com.timekeen.TimeKeen.TimeKeenWidgetExtension;
				PRODUCT_NAME = "$(TARGET_NAME)";
				SKIP_INSTALL = YES;
				SWIFT_EMIT_LOC_STRINGS = YES;
				SWIFT_VERSION = 5.0;
				TARGETED_DEVICE_FAMILY = "1,2";
			};
			name = Release;
		};
		6693598F29606A3A00DEDD35 /* Debug */ = {
			isa = XCBuildConfiguration;
			buildSettings = {
				ALWAYS_SEARCH_USER_PATHS = NO;
				ASSETCATALOG_COMPILER_GENERATE_SWIFT_ASSET_SYMBOL_EXTENSIONS = YES;
				CLANG_ANALYZER_LOCALIZABILITY_NONLOCALIZED = YES;
				CLANG_ANALYZER_NONNULL = YES;
				CLANG_ANALYZER_NUMBER_OBJECT_CONVERSION = YES_AGGRESSIVE;
				CLANG_CXX_LANGUAGE_STANDARD = "gnu++20";
				CLANG_ENABLE_MODULES = YES;
				CLANG_ENABLE_OBJC_ARC = YES;
				CLANG_ENABLE_OBJC_WEAK = YES;
				CLANG_WARN_BLOCK_CAPTURE_AUTORELEASING = YES;
				CLANG_WARN_BOOL_CONVERSION = YES;
				CLANG_WARN_COMMA = YES;
				CLANG_WARN_CONSTANT_CONVERSION = YES;
				CLANG_WARN_DEPRECATED_OBJC_IMPLEMENTATIONS = YES;
				CLANG_WARN_DIRECT_OBJC_ISA_USAGE = YES_ERROR;
				CLANG_WARN_DOCUMENTATION_COMMENTS = YES;
				CLANG_WARN_EMPTY_BODY = YES;
				CLANG_WARN_ENUM_CONVERSION = YES;
				CLANG_WARN_INFINITE_RECURSION = YES;
				CLANG_WARN_INT_CONVERSION = YES;
				CLANG_WARN_NON_LITERAL_NULL_CONVERSION = YES;
				CLANG_WARN_OBJC_IMPLICIT_RETAIN_SELF = YES;
				CLANG_WARN_OBJC_LITERAL_CONVERSION = YES;
				CLANG_WARN_OBJC_ROOT_CLASS = YES_ERROR;
				CLANG_WARN_QUOTED_INCLUDE_IN_FRAMEWORK_HEADER = YES;
				CLANG_WARN_RANGE_LOOP_ANALYSIS = YES;
				CLANG_WARN_STRICT_PROTOTYPES = YES;
				CLANG_WARN_SUSPICIOUS_MOVE = YES;
				CLANG_WARN_UNGUARDED_AVAILABILITY = YES_AGGRESSIVE;
				CLANG_WARN_UNREACHABLE_CODE = YES;
				CLANG_WARN__DUPLICATE_METHOD_MATCH = YES;
				COPY_PHASE_STRIP = NO;
				DEBUG_INFORMATION_FORMAT = dwarf;
				ENABLE_STRICT_OBJC_MSGSEND = YES;
				ENABLE_TESTABILITY = YES;
				ENABLE_USER_SCRIPT_SANDBOXING = YES;
				GCC_C_LANGUAGE_STANDARD = gnu11;
				GCC_DYNAMIC_NO_PIC = NO;
				GCC_NO_COMMON_BLOCKS = YES;
				GCC_OPTIMIZATION_LEVEL = 0;
				GCC_PREPROCESSOR_DEFINITIONS = (
					"DEBUG=1",
					"$(inherited)",
				);
				GCC_WARN_64_TO_32_BIT_CONVERSION = YES;
				GCC_WARN_ABOUT_RETURN_TYPE = YES_ERROR;
				GCC_WARN_UNDECLARED_SELECTOR = YES;
				GCC_WARN_UNINITIALIZED_AUTOS = YES_AGGRESSIVE;
				GCC_WARN_UNUSED_FUNCTION = YES;
				GCC_WARN_UNUSED_VARIABLE = YES;
				IPHONEOS_DEPLOYMENT_TARGET = 17.5;
				MTL_ENABLE_DEBUG_INFO = INCLUDE_SOURCE;
				MTL_FAST_MATH = YES;
				ONLY_ACTIVE_ARCH = YES;
				SDKROOT = iphoneos;
				SWIFT_ACTIVE_COMPILATION_CONDITIONS = DEBUG;
				SWIFT_OPTIMIZATION_LEVEL = "-Onone";
			};
			name = Debug;
		};
		6693599029606A3A00DEDD35 /* Release */ = {
			isa = XCBuildConfiguration;
			buildSettings = {
				ALWAYS_SEARCH_USER_PATHS = NO;
				ASSETCATALOG_COMPILER_GENERATE_SWIFT_ASSET_SYMBOL_EXTENSIONS = YES;
				CLANG_ANALYZER_LOCALIZABILITY_NONLOCALIZED = YES;
				CLANG_ANALYZER_NONNULL = YES;
				CLANG_ANALYZER_NUMBER_OBJECT_CONVERSION = YES_AGGRESSIVE;
				CLANG_CXX_LANGUAGE_STANDARD = "gnu++20";
				CLANG_ENABLE_MODULES = YES;
				CLANG_ENABLE_OBJC_ARC = YES;
				CLANG_ENABLE_OBJC_WEAK = YES;
				CLANG_WARN_BLOCK_CAPTURE_AUTORELEASING = YES;
				CLANG_WARN_BOOL_CONVERSION = YES;
				CLANG_WARN_COMMA = YES;
				CLANG_WARN_CONSTANT_CONVERSION = YES;
				CLANG_WARN_DEPRECATED_OBJC_IMPLEMENTATIONS = YES;
				CLANG_WARN_DIRECT_OBJC_ISA_USAGE = YES_ERROR;
				CLANG_WARN_DOCUMENTATION_COMMENTS = YES;
				CLANG_WARN_EMPTY_BODY = YES;
				CLANG_WARN_ENUM_CONVERSION = YES;
				CLANG_WARN_INFINITE_RECURSION = YES;
				CLANG_WARN_INT_CONVERSION = YES;
				CLANG_WARN_NON_LITERAL_NULL_CONVERSION = YES;
				CLANG_WARN_OBJC_IMPLICIT_RETAIN_SELF = YES;
				CLANG_WARN_OBJC_LITERAL_CONVERSION = YES;
				CLANG_WARN_OBJC_ROOT_CLASS = YES_ERROR;
				CLANG_WARN_QUOTED_INCLUDE_IN_FRAMEWORK_HEADER = YES;
				CLANG_WARN_RANGE_LOOP_ANALYSIS = YES;
				CLANG_WARN_STRICT_PROTOTYPES = YES;
				CLANG_WARN_SUSPICIOUS_MOVE = YES;
				CLANG_WARN_UNGUARDED_AVAILABILITY = YES_AGGRESSIVE;
				CLANG_WARN_UNREACHABLE_CODE = YES;
				CLANG_WARN__DUPLICATE_METHOD_MATCH = YES;
				COPY_PHASE_STRIP = NO;
				DEBUG_INFORMATION_FORMAT = "dwarf-with-dsym";
				ENABLE_NS_ASSERTIONS = NO;
				ENABLE_STRICT_OBJC_MSGSEND = YES;
				ENABLE_USER_SCRIPT_SANDBOXING = YES;
				GCC_C_LANGUAGE_STANDARD = gnu11;
				GCC_NO_COMMON_BLOCKS = YES;
				GCC_WARN_64_TO_32_BIT_CONVERSION = YES;
				GCC_WARN_ABOUT_RETURN_TYPE = YES_ERROR;
				GCC_WARN_UNDECLARED_SELECTOR = YES;
				GCC_WARN_UNINITIALIZED_AUTOS = YES_AGGRESSIVE;
				GCC_WARN_UNUSED_FUNCTION = YES;
				GCC_WARN_UNUSED_VARIABLE = YES;
				IPHONEOS_DEPLOYMENT_TARGET = 17.5;
				MTL_ENABLE_DEBUG_INFO = NO;
				MTL_FAST_MATH = YES;
				SDKROOT = iphoneos;
				SWIFT_COMPILATION_MODE = wholemodule;
				SWIFT_OPTIMIZATION_LEVEL = "-O";
				VALIDATE_PRODUCT = YES;
			};
			name = Release;
		};
		6693599229606A3A00DEDD35 /* Debug */ = {
			isa = XCBuildConfiguration;
			buildSettings = {
				ASSETCATALOG_COMPILER_APPICON_NAME = AppIcon;
				ASSETCATALOG_COMPILER_GLOBAL_ACCENT_COLOR_NAME = AccentColor;
				CLANG_WARN_ASSIGN_ENUM = YES;
				CLANG_WARN_COMPLETION_HANDLER_MISUSE = YES;
				CLANG_WARN_FLOAT_CONVERSION = YES_ERROR;
				CLANG_WARN_FRAMEWORK_INCLUDE_PRIVATE_FROM_PUBLIC = YES;
				CLANG_WARN_IMPLICIT_FALLTHROUGH = YES;
				CLANG_WARN_IMPLICIT_SIGN_CONVERSION = YES_ERROR;
				CLANG_WARN_SEMICOLON_BEFORE_METHOD_BODY = YES;
				CLANG_WARN_SUSPICIOUS_IMPLICIT_CONVERSION = YES_ERROR;
				CODE_SIGN_ENTITLEMENTS = TimeKeen/TimeKeen.entitlements;
				CODE_SIGN_STYLE = Automatic;
				CURRENT_PROJECT_VERSION = 1;
				DEVELOPMENT_ASSET_PATHS = "\"TimeKeen/Preview Content\"";
				DEVELOPMENT_TEAM = A2M6WJ4ZXF;
				ENABLE_PREVIEWS = YES;
				GCC_TREAT_IMPLICIT_FUNCTION_DECLARATIONS_AS_ERRORS = YES;
				GCC_TREAT_INCOMPATIBLE_POINTER_TYPE_WARNINGS_AS_ERRORS = YES;
				GCC_TREAT_WARNINGS_AS_ERRORS = YES;
				GCC_WARN_ABOUT_MISSING_FIELD_INITIALIZERS = YES;
				GCC_WARN_ABOUT_MISSING_PROTOTYPES = YES;
				GCC_WARN_FOUR_CHARACTER_CONSTANTS = YES;
				GCC_WARN_INITIALIZER_NOT_FULLY_BRACKETED = YES;
				GCC_WARN_SHADOW = YES;
				GCC_WARN_SIGN_COMPARE = YES;
				GCC_WARN_UNKNOWN_PRAGMAS = YES;
				GCC_WARN_UNUSED_LABEL = YES;
				GCC_WARN_UNUSED_PARAMETER = NO;
				GENERATE_INFOPLIST_FILE = YES;
				INFOPLIST_FILE = TimeKeen/Info.plist;
				INFOPLIST_KEY_CFBundleDisplayName = "Time Keen";
				INFOPLIST_KEY_LSApplicationCategoryType = "public.app-category.business";
				INFOPLIST_KEY_UIApplicationSceneManifest_Generation = YES;
				INFOPLIST_KEY_UIApplicationSupportsIndirectInputEvents = YES;
				INFOPLIST_KEY_UISupportedInterfaceOrientations = UIInterfaceOrientationPortrait;
				INFOPLIST_KEY_UISupportedInterfaceOrientations_iPad = "UIInterfaceOrientationLandscapeLeft UIInterfaceOrientationLandscapeRight UIInterfaceOrientationPortrait UIInterfaceOrientationPortraitUpsideDown";
				IPHONEOS_DEPLOYMENT_TARGET = 18.1;
				LD_RUNPATH_SEARCH_PATHS = (
					"$(inherited)",
					"@executable_path/Frameworks",
				);
				MARKETING_VERSION = 1.0;
				PRODUCT_BUNDLE_IDENTIFIER = com.timekeen.TimeKeen;
				PRODUCT_NAME = "$(TARGET_NAME)";
				SUPPORTED_PLATFORMS = "iphoneos iphonesimulator";
				SUPPORTS_MACCATALYST = NO;
				SUPPORTS_MAC_DESIGNED_FOR_IPHONE_IPAD = NO;
				SUPPORTS_XR_DESIGNED_FOR_IPHONE_IPAD = NO;
				SWIFT_EMIT_LOC_STRINGS = YES;
				SWIFT_TREAT_WARNINGS_AS_ERRORS = YES;
				SWIFT_VERSION = 6.0;
				TARGETED_DEVICE_FAMILY = 1;
			};
			name = Debug;
		};
		6693599329606A3A00DEDD35 /* Release */ = {
			isa = XCBuildConfiguration;
			buildSettings = {
				ASSETCATALOG_COMPILER_APPICON_NAME = AppIcon;
				ASSETCATALOG_COMPILER_GLOBAL_ACCENT_COLOR_NAME = AccentColor;
				CLANG_WARN_ASSIGN_ENUM = YES;
				CLANG_WARN_COMPLETION_HANDLER_MISUSE = YES;
				CLANG_WARN_FLOAT_CONVERSION = YES_ERROR;
				CLANG_WARN_FRAMEWORK_INCLUDE_PRIVATE_FROM_PUBLIC = YES;
				CLANG_WARN_IMPLICIT_FALLTHROUGH = YES;
				CLANG_WARN_IMPLICIT_SIGN_CONVERSION = YES_ERROR;
				CLANG_WARN_SEMICOLON_BEFORE_METHOD_BODY = YES;
				CLANG_WARN_SUSPICIOUS_IMPLICIT_CONVERSION = YES_ERROR;
				CODE_SIGN_ENTITLEMENTS = TimeKeen/TimeKeen.entitlements;
				CODE_SIGN_STYLE = Automatic;
				CURRENT_PROJECT_VERSION = 1;
				DEVELOPMENT_ASSET_PATHS = "\"TimeKeen/Preview Content\"";
				DEVELOPMENT_TEAM = A2M6WJ4ZXF;
				ENABLE_PREVIEWS = YES;
				GCC_TREAT_IMPLICIT_FUNCTION_DECLARATIONS_AS_ERRORS = YES;
				GCC_TREAT_INCOMPATIBLE_POINTER_TYPE_WARNINGS_AS_ERRORS = YES;
				GCC_TREAT_WARNINGS_AS_ERRORS = YES;
				GCC_WARN_ABOUT_MISSING_FIELD_INITIALIZERS = YES;
				GCC_WARN_ABOUT_MISSING_PROTOTYPES = YES;
				GCC_WARN_FOUR_CHARACTER_CONSTANTS = YES;
				GCC_WARN_INITIALIZER_NOT_FULLY_BRACKETED = YES;
				GCC_WARN_SHADOW = YES;
				GCC_WARN_SIGN_COMPARE = YES;
				GCC_WARN_UNKNOWN_PRAGMAS = YES;
				GCC_WARN_UNUSED_LABEL = YES;
				GCC_WARN_UNUSED_PARAMETER = NO;
				GENERATE_INFOPLIST_FILE = YES;
				INFOPLIST_FILE = TimeKeen/Info.plist;
				INFOPLIST_KEY_CFBundleDisplayName = "Time Keen";
				INFOPLIST_KEY_LSApplicationCategoryType = "public.app-category.business";
				INFOPLIST_KEY_UIApplicationSceneManifest_Generation = YES;
				INFOPLIST_KEY_UIApplicationSupportsIndirectInputEvents = YES;
				INFOPLIST_KEY_UISupportedInterfaceOrientations = UIInterfaceOrientationPortrait;
				INFOPLIST_KEY_UISupportedInterfaceOrientations_iPad = "UIInterfaceOrientationLandscapeLeft UIInterfaceOrientationLandscapeRight UIInterfaceOrientationPortrait UIInterfaceOrientationPortraitUpsideDown";
				IPHONEOS_DEPLOYMENT_TARGET = 18.1;
				LD_RUNPATH_SEARCH_PATHS = (
					"$(inherited)",
					"@executable_path/Frameworks",
				);
				MARKETING_VERSION = 1.0;
				PRODUCT_BUNDLE_IDENTIFIER = com.timekeen.TimeKeen;
				PRODUCT_NAME = "$(TARGET_NAME)";
				SUPPORTED_PLATFORMS = "iphoneos iphonesimulator";
				SUPPORTS_MACCATALYST = NO;
				SUPPORTS_MAC_DESIGNED_FOR_IPHONE_IPAD = NO;
				SUPPORTS_XR_DESIGNED_FOR_IPHONE_IPAD = NO;
				SWIFT_EMIT_LOC_STRINGS = YES;
				SWIFT_TREAT_WARNINGS_AS_ERRORS = YES;
				SWIFT_VERSION = 6.0;
				TARGETED_DEVICE_FAMILY = 1;
			};
			name = Release;
		};
		6693599529606A3A00DEDD35 /* Debug */ = {
			isa = XCBuildConfiguration;
			buildSettings = {
				BUNDLE_LOADER = "$(TEST_HOST)";
				CODE_SIGN_STYLE = Automatic;
				CURRENT_PROJECT_VERSION = 1;
				DEVELOPMENT_TEAM = A2M6WJ4ZXF;
				GENERATE_INFOPLIST_FILE = YES;
				IPHONEOS_DEPLOYMENT_TARGET = 18.0;
				MARKETING_VERSION = 1.0;
				PRODUCT_BUNDLE_IDENTIFIER = com.timekeen.TimeKeenTests;
				PRODUCT_NAME = "$(TARGET_NAME)";
				SUPPORTED_PLATFORMS = "iphoneos iphonesimulator";
				SUPPORTS_MACCATALYST = NO;
				SUPPORTS_MAC_DESIGNED_FOR_IPHONE_IPAD = NO;
				SUPPORTS_XR_DESIGNED_FOR_IPHONE_IPAD = NO;
				SWIFT_EMIT_LOC_STRINGS = NO;
				SWIFT_TREAT_WARNINGS_AS_ERRORS = YES;
				SWIFT_VERSION = 6.0;
				TARGETED_DEVICE_FAMILY = 1;
				TEST_HOST = "$(BUILT_PRODUCTS_DIR)/TimeKeen.app/$(BUNDLE_EXECUTABLE_FOLDER_PATH)/TimeKeen";
			};
			name = Debug;
		};
		6693599629606A3A00DEDD35 /* Release */ = {
			isa = XCBuildConfiguration;
			buildSettings = {
				BUNDLE_LOADER = "$(TEST_HOST)";
				CODE_SIGN_STYLE = Automatic;
				CURRENT_PROJECT_VERSION = 1;
				DEVELOPMENT_TEAM = A2M6WJ4ZXF;
				GENERATE_INFOPLIST_FILE = YES;
				IPHONEOS_DEPLOYMENT_TARGET = 18.0;
				MARKETING_VERSION = 1.0;
				PRODUCT_BUNDLE_IDENTIFIER = com.timekeen.TimeKeenTests;
				PRODUCT_NAME = "$(TARGET_NAME)";
				SUPPORTED_PLATFORMS = "iphoneos iphonesimulator";
				SUPPORTS_MACCATALYST = NO;
				SUPPORTS_MAC_DESIGNED_FOR_IPHONE_IPAD = NO;
				SUPPORTS_XR_DESIGNED_FOR_IPHONE_IPAD = NO;
				SWIFT_EMIT_LOC_STRINGS = NO;
				SWIFT_TREAT_WARNINGS_AS_ERRORS = YES;
				SWIFT_VERSION = 6.0;
				TARGETED_DEVICE_FAMILY = 1;
				TEST_HOST = "$(BUILT_PRODUCTS_DIR)/TimeKeen.app/$(BUNDLE_EXECUTABLE_FOLDER_PATH)/TimeKeen";
			};
			name = Release;
		};
		6693599829606A3A00DEDD35 /* Debug */ = {
			isa = XCBuildConfiguration;
			buildSettings = {
				CODE_SIGN_STYLE = Automatic;
				CURRENT_PROJECT_VERSION = 1;
				DEVELOPMENT_TEAM = A2M6WJ4ZXF;
				GENERATE_INFOPLIST_FILE = YES;
				IPHONEOS_DEPLOYMENT_TARGET = 18.0;
				MARKETING_VERSION = 1.0;
				PRODUCT_BUNDLE_IDENTIFIER = com.timekeenTimeKeenUITests;
				PRODUCT_NAME = "$(TARGET_NAME)";
				SUPPORTED_PLATFORMS = "iphoneos iphonesimulator";
				SUPPORTS_MACCATALYST = NO;
				SUPPORTS_MAC_DESIGNED_FOR_IPHONE_IPAD = NO;
				SUPPORTS_XR_DESIGNED_FOR_IPHONE_IPAD = NO;
				SWIFT_EMIT_LOC_STRINGS = NO;
				SWIFT_VERSION = 6.0;
				TARGETED_DEVICE_FAMILY = 1;
				TEST_TARGET_NAME = TimeKeen;
			};
			name = Debug;
		};
		6693599929606A3A00DEDD35 /* Release */ = {
			isa = XCBuildConfiguration;
			buildSettings = {
				CODE_SIGN_STYLE = Automatic;
				CURRENT_PROJECT_VERSION = 1;
				DEVELOPMENT_TEAM = A2M6WJ4ZXF;
				GENERATE_INFOPLIST_FILE = YES;
				IPHONEOS_DEPLOYMENT_TARGET = 18.0;
				MARKETING_VERSION = 1.0;
				PRODUCT_BUNDLE_IDENTIFIER = com.timekeenTimeKeenUITests;
				PRODUCT_NAME = "$(TARGET_NAME)";
				SUPPORTED_PLATFORMS = "iphoneos iphonesimulator";
				SUPPORTS_MACCATALYST = NO;
				SUPPORTS_MAC_DESIGNED_FOR_IPHONE_IPAD = NO;
				SUPPORTS_XR_DESIGNED_FOR_IPHONE_IPAD = NO;
				SWIFT_EMIT_LOC_STRINGS = NO;
				SWIFT_VERSION = 6.0;
				TARGETED_DEVICE_FAMILY = 1;
				TEST_TARGET_NAME = TimeKeen;
			};
			name = Release;
		};
		66CBF20F2C8BFA3B002DB7B9 /* Debug */ = {
			isa = XCBuildConfiguration;
			buildSettings = {
				CODE_SIGN_STYLE = Automatic;
				CURRENT_PROJECT_VERSION = 1;
				DEVELOPMENT_TEAM = A2M6WJ4ZXF;
				GENERATE_INFOPLIST_FILE = YES;
				IPHONEOS_DEPLOYMENT_TARGET = 18.0;
				MARKETING_VERSION = 1.0;
				PRODUCT_BUNDLE_IDENTIFIER = com.timekeenTimeKeenUITests;
				PRODUCT_NAME = "$(TARGET_NAME)";
				SUPPORTED_PLATFORMS = "iphoneos iphonesimulator";
				SUPPORTS_MACCATALYST = NO;
				SUPPORTS_MAC_DESIGNED_FOR_IPHONE_IPAD = NO;
				SUPPORTS_XR_DESIGNED_FOR_IPHONE_IPAD = NO;
				SWIFT_EMIT_LOC_STRINGS = NO;
				SWIFT_VERSION = 6.0;
				TARGETED_DEVICE_FAMILY = 1;
				TEST_TARGET_NAME = TimeKeen;
			};
			name = Debug;
		};
		66CBF2102C8BFA3B002DB7B9 /* Release */ = {
			isa = XCBuildConfiguration;
			buildSettings = {
				CODE_SIGN_STYLE = Automatic;
				CURRENT_PROJECT_VERSION = 1;
				DEVELOPMENT_TEAM = A2M6WJ4ZXF;
				GENERATE_INFOPLIST_FILE = YES;
				IPHONEOS_DEPLOYMENT_TARGET = 18.0;
				MARKETING_VERSION = 1.0;
				PRODUCT_BUNDLE_IDENTIFIER = com.timekeenTimeKeenUITests;
				PRODUCT_NAME = "$(TARGET_NAME)";
				SUPPORTED_PLATFORMS = "iphoneos iphonesimulator";
				SUPPORTS_MACCATALYST = NO;
				SUPPORTS_MAC_DESIGNED_FOR_IPHONE_IPAD = NO;
				SUPPORTS_XR_DESIGNED_FOR_IPHONE_IPAD = NO;
				SWIFT_EMIT_LOC_STRINGS = NO;
				SWIFT_VERSION = 6.0;
				TARGETED_DEVICE_FAMILY = 1;
				TEST_TARGET_NAME = TimeKeen;
			};
			name = Release;
		};
/* End XCBuildConfiguration section */

/* Begin XCConfigurationList section */
		664113372CD646AC0065E014 /* Build configuration list for PBXNativeTarget "TimeKeenWidgetExtensionExtension" */ = {
			isa = XCConfigurationList;
			buildConfigurations = (
				664113342CD646AC0065E014 /* Debug */,
				664113352CD646AC0065E014 /* Release */,
			);
			defaultConfigurationIsVisible = 0;
			defaultConfigurationName = Release;
		};
		6693596229606A3900DEDD35 /* Build configuration list for PBXProject "TimeKeen" */ = {
			isa = XCConfigurationList;
			buildConfigurations = (
				6693598F29606A3A00DEDD35 /* Debug */,
				6693599029606A3A00DEDD35 /* Release */,
			);
			defaultConfigurationIsVisible = 0;
			defaultConfigurationName = Release;
		};
		6693599129606A3A00DEDD35 /* Build configuration list for PBXNativeTarget "TimeKeen" */ = {
			isa = XCConfigurationList;
			buildConfigurations = (
				6693599229606A3A00DEDD35 /* Debug */,
				6693599329606A3A00DEDD35 /* Release */,
			);
			defaultConfigurationIsVisible = 0;
			defaultConfigurationName = Release;
		};
		6693599429606A3A00DEDD35 /* Build configuration list for PBXNativeTarget "TimeKeenTests" */ = {
			isa = XCConfigurationList;
			buildConfigurations = (
				6693599529606A3A00DEDD35 /* Debug */,
				6693599629606A3A00DEDD35 /* Release */,
			);
			defaultConfigurationIsVisible = 0;
			defaultConfigurationName = Release;
		};
		6693599729606A3A00DEDD35 /* Build configuration list for PBXNativeTarget "TimeKeenUITests" */ = {
			isa = XCConfigurationList;
			buildConfigurations = (
				6693599829606A3A00DEDD35 /* Debug */,
				6693599929606A3A00DEDD35 /* Release */,
			);
			defaultConfigurationIsVisible = 0;
			defaultConfigurationName = Release;
		};
		66CBF20E2C8BFA3B002DB7B9 /* Build configuration list for PBXNativeTarget "TimeKeenUISnapshots" */ = {
			isa = XCConfigurationList;
			buildConfigurations = (
				66CBF20F2C8BFA3B002DB7B9 /* Debug */,
				66CBF2102C8BFA3B002DB7B9 /* Release */,
			);
			defaultConfigurationIsVisible = 0;
			defaultConfigurationName = Release;
		};
/* End XCConfigurationList section */
	};
	rootObject = 6693595F29606A3900DEDD35 /* Project object */;
}
